// !$*UTF8*$!
{
	archiveVersion = 1;
	classes = {
	};
	objectVersion = 46;
	objects = {

/* Begin PBXBuildFile section */
		B87F367D289FE92E00B0766F /* YouTube_UITest.swift in Sources */ = {isa = PBXBuildFile; fileRef = B87F367C289FE92E00B0766F /* YouTube_UITest.swift */; };
		B87F367F289FEECD00B0766F /* Map_UITest.swift in Sources */ = {isa = PBXBuildFile; fileRef = B87F367E289FEECD00B0766F /* Map_UITest.swift */; };
		B87F3681289FF36600B0766F /* MapPage.swift in Sources */ = {isa = PBXBuildFile; fileRef = B87F3680289FF36600B0766F /* MapPage.swift */; };
		B8A40BAC288F4E18005B7FE8 /* PlayerView.swift in Sources */ = {isa = PBXBuildFile; fileRef = B8A40BAB288F4E18005B7FE8 /* PlayerView.swift */; };
		B8A40BAE28906C81005B7FE8 /* PlayerView_UITests.swift in Sources */ = {isa = PBXBuildFile; fileRef = B8A40BAD28906C81005B7FE8 /* PlayerView_UITests.swift */; };
		B8A40BB028906D15005B7FE8 /* PlayerPage.swift in Sources */ = {isa = PBXBuildFile; fileRef = B8A40BAF28906D15005B7FE8 /* PlayerPage.swift */; };
		B8A40BB2289070EE005B7FE8 /* BaseScenarios.swift in Sources */ = {isa = PBXBuildFile; fileRef = B8A40BB1289070EE005B7FE8 /* BaseScenarios.swift */; };
		B8A40BB72891C8C1005B7FE8 /* MapView.swift in Sources */ = {isa = PBXBuildFile; fileRef = B8A40BB62891C8C1005B7FE8 /* MapView.swift */; };
		B8A40BBC2891D223005B7FE8 /* Location.swift in Sources */ = {isa = PBXBuildFile; fileRef = B8A40BBB2891D223005B7FE8 /* Location.swift */; };
		B8A40BBF2891D419005B7FE8 /* LocationsDataService.swift in Sources */ = {isa = PBXBuildFile; fileRef = B8A40BBE2891D419005B7FE8 /* LocationsDataService.swift */; };
		B8A40BC12891E190005B7FE8 /* MapViewModel.swift in Sources */ = {isa = PBXBuildFile; fileRef = B8A40BC02891E190005B7FE8 /* MapViewModel.swift */; };
		B8D39C78289B108000737E9C /* LocationsListView.swift in Sources */ = {isa = PBXBuildFile; fileRef = B8D39C77289B108000737E9C /* LocationsListView.swift */; };
		B8D39C7A289D9B6300737E9C /* LocationsPreviewView.swift in Sources */ = {isa = PBXBuildFile; fileRef = B8D39C79289D9B6300737E9C /* LocationsPreviewView.swift */; };
		D07BE076143BAA79FF7EC3DC /* MainPage.swift in Sources */ = {isa = PBXBuildFile; fileRef = D07BEEC95829FCC10C8D14D2 /* MainPage.swift */; };
		D07BE10088C008F91B696FF5 /* BasePage.swift in Sources */ = {isa = PBXBuildFile; fileRef = D07BE59D5EF80B0A4648EB1C /* BasePage.swift */; };
		D07BE174A4CC74374B9DD31F /* Assets.xcassets in Resources */ = {isa = PBXBuildFile; fileRef = D07BE665FEA6B9B2DAAB3E12 /* Assets.xcassets */; };
		D07BE2BB5538BF6FAE06840B /* Alert.swift in Sources */ = {isa = PBXBuildFile; fileRef = D07BE8006A7701647666FB42 /* Alert.swift */; };
		D07BE3512EEE52A4751C1AFF /* AuthScreen_UITests.swift in Sources */ = {isa = PBXBuildFile; fileRef = D07BE5DF0CBFB1A27A1C881B /* AuthScreen_UITests.swift */; };
		D07BE46152BA334FAA07A7BB /* ListView.swift in Sources */ = {isa = PBXBuildFile; fileRef = D07BED5BA9EED3B6D68CDBCE /* ListView.swift */; };
		D07BE4661C70580B8C814DD8 /* UnitTestingViewModel_Test.swift in Sources */ = {isa = PBXBuildFile; fileRef = D07BE1D38D3EED7AFABFB80B /* UnitTestingViewModel_Test.swift */; };
		D07BE5EE6D5472562EF49830 /* NewMockDataService_Test.swift in Sources */ = {isa = PBXBuildFile; fileRef = D07BE69702571A7397F95E00 /* NewMockDataService_Test.swift */; };
		D07BE60B2E885611B7004BCD /* App_IOS_TestFeaturesApp.swift in Sources */ = {isa = PBXBuildFile; fileRef = D07BE862805CA79B4D2EB546 /* App_IOS_TestFeaturesApp.swift */; };
		D07BE6B215388C056BF30E55 /* AuthView.swift in Sources */ = {isa = PBXBuildFile; fileRef = D07BE90D93E4DF438A7B3752 /* AuthView.swift */; };
		D07BE722B81582264B626028 /* UnitTestingViewModel.swift in Sources */ = {isa = PBXBuildFile; fileRef = D07BE7FC8B473AD8CF714437 /* UnitTestingViewModel.swift */; };
		D07BE76AC51637B0D500EE54 /* AuthPage.swift in Sources */ = {isa = PBXBuildFile; fileRef = D07BE50D15126488CBF2F3CF /* AuthPage.swift */; };
		D07BE8476FEA147B543EF367 /* Control.swift in Sources */ = {isa = PBXBuildFile; fileRef = D07BEE05B76BD61ACB2C36EE /* Control.swift */; };
		D07BEA1400C5674113059AB9 /* UITestingView.swift in Sources */ = {isa = PBXBuildFile; fileRef = D07BEDF48F643B2300CC1517 /* UITestingView.swift */; };
		D07BEAED416F49021D8A849E /* BaseTestClass.swift in Sources */ = {isa = PBXBuildFile; fileRef = D07BE34513BCBE3A781EF11D /* BaseTestClass.swift */; };
		D07BEB981F89F92F662356E5 /* MainView.swift in Sources */ = {isa = PBXBuildFile; fileRef = D07BE31C95ED5C6FD7D9F482 /* MainView.swift */; };
		D07BEC69B282AF65B1CC84FB /* MainScreen_UITests.swift in Sources */ = {isa = PBXBuildFile; fileRef = D07BE71A459380A46CAD9B5B /* MainScreen_UITests.swift */; };
		D07BED071A0F0717C2B8A39D /* DependencyInjectionView.swift in Sources */ = {isa = PBXBuildFile; fileRef = D07BEBE41710840DEB509BDA /* DependencyInjectionView.swift */; };
		D07BEF37B450F920209263B3 /* UnitTestingView.swift in Sources */ = {isa = PBXBuildFile; fileRef = D07BE13F25C8FC8AA7A78AA4 /* UnitTestingView.swift */; };
		D07BEF82D3CE0411F8D653A8 /* ProtocolView.swift in Sources */ = {isa = PBXBuildFile; fileRef = D07BEF96BD5F5EFC38B38E0B /* ProtocolView.swift */; };
		D07BEFBEC5193F99D1188670 /* NewMockDataService.swift in Sources */ = {isa = PBXBuildFile; fileRef = D07BE984E7396490B02EBD2E /* NewMockDataService.swift */; };
/* End PBXBuildFile section */

/* Begin PBXContainerItemProxy section */
		D07BE5F6EF15E8D71AFEA241 /* PBXContainerItemProxy */ = {
			isa = PBXContainerItemProxy;
			containerPortal = D07BE356E9D8B11B180BC6EC /* Project object */;
			proxyType = 1;
			remoteGlobalIDString = D07BE9E9733D988D833207EE;
			remoteInfo = "App-IOS-TestFeatures (iOS)";
		};
		D07BE628B2AE171CA265F5D8 /* PBXContainerItemProxy */ = {
			isa = PBXContainerItemProxy;
			containerPortal = D07BE356E9D8B11B180BC6EC /* Project object */;
			proxyType = 1;
			remoteGlobalIDString = D07BE9E9733D988D833207EE;
			remoteInfo = "App-IOS-TestFeatures (iOS)";
		};
/* End PBXContainerItemProxy section */

/* Begin PBXFileReference section */
		B87F367C289FE92E00B0766F /* YouTube_UITest.swift */ = {isa = PBXFileReference; lastKnownFileType = sourcecode.swift; path = YouTube_UITest.swift; sourceTree = "<group>"; };
		B87F367E289FEECD00B0766F /* Map_UITest.swift */ = {isa = PBXFileReference; lastKnownFileType = sourcecode.swift; path = Map_UITest.swift; sourceTree = "<group>"; };
		B87F3680289FF36600B0766F /* MapPage.swift */ = {isa = PBXFileReference; lastKnownFileType = sourcecode.swift; path = MapPage.swift; sourceTree = "<group>"; };
		B8A40BAB288F4E18005B7FE8 /* PlayerView.swift */ = {isa = PBXFileReference; lastKnownFileType = sourcecode.swift; path = PlayerView.swift; sourceTree = "<group>"; };
		B8A40BAD28906C81005B7FE8 /* PlayerView_UITests.swift */ = {isa = PBXFileReference; lastKnownFileType = sourcecode.swift; path = PlayerView_UITests.swift; sourceTree = "<group>"; };
		B8A40BAF28906D15005B7FE8 /* PlayerPage.swift */ = {isa = PBXFileReference; lastKnownFileType = sourcecode.swift; path = PlayerPage.swift; sourceTree = "<group>"; };
		B8A40BB1289070EE005B7FE8 /* BaseScenarios.swift */ = {isa = PBXFileReference; lastKnownFileType = sourcecode.swift; path = BaseScenarios.swift; sourceTree = "<group>"; };
		B8A40BB62891C8C1005B7FE8 /* MapView.swift */ = {isa = PBXFileReference; lastKnownFileType = sourcecode.swift; path = MapView.swift; sourceTree = "<group>"; };
		B8A40BBB2891D223005B7FE8 /* Location.swift */ = {isa = PBXFileReference; lastKnownFileType = sourcecode.swift; path = Location.swift; sourceTree = "<group>"; };
		B8A40BBE2891D419005B7FE8 /* LocationsDataService.swift */ = {isa = PBXFileReference; fileEncoding = 4; lastKnownFileType = sourcecode.swift; path = LocationsDataService.swift; sourceTree = "<group>"; };
		B8A40BC02891E190005B7FE8 /* MapViewModel.swift */ = {isa = PBXFileReference; lastKnownFileType = sourcecode.swift; path = MapViewModel.swift; sourceTree = "<group>"; };
		B8D39C77289B108000737E9C /* LocationsListView.swift */ = {isa = PBXFileReference; lastKnownFileType = sourcecode.swift; path = LocationsListView.swift; sourceTree = "<group>"; };
		B8D39C79289D9B6300737E9C /* LocationsPreviewView.swift */ = {isa = PBXFileReference; lastKnownFileType = sourcecode.swift; path = LocationsPreviewView.swift; sourceTree = "<group>"; };
		D07BE13F25C8FC8AA7A78AA4 /* UnitTestingView.swift */ = {isa = PBXFileReference; fileEncoding = 4; lastKnownFileType = sourcecode.swift; path = UnitTestingView.swift; sourceTree = "<group>"; };
		D07BE1D38D3EED7AFABFB80B /* UnitTestingViewModel_Test.swift */ = {isa = PBXFileReference; fileEncoding = 4; lastKnownFileType = sourcecode.swift; path = UnitTestingViewModel_Test.swift; sourceTree = "<group>"; };
		D07BE31C95ED5C6FD7D9F482 /* MainView.swift */ = {isa = PBXFileReference; fileEncoding = 4; lastKnownFileType = sourcecode.swift; path = MainView.swift; sourceTree = "<group>"; };
		D07BE34513BCBE3A781EF11D /* BaseTestClass.swift */ = {isa = PBXFileReference; fileEncoding = 4; lastKnownFileType = sourcecode.swift; path = BaseTestClass.swift; sourceTree = "<group>"; };
		D07BE50D15126488CBF2F3CF /* AuthPage.swift */ = {isa = PBXFileReference; fileEncoding = 4; lastKnownFileType = sourcecode.swift; path = AuthPage.swift; sourceTree = "<group>"; };
		D07BE59D5EF80B0A4648EB1C /* BasePage.swift */ = {isa = PBXFileReference; fileEncoding = 4; lastKnownFileType = sourcecode.swift; path = BasePage.swift; sourceTree = "<group>"; };
		D07BE5DF0CBFB1A27A1C881B /* AuthScreen_UITests.swift */ = {isa = PBXFileReference; fileEncoding = 4; lastKnownFileType = sourcecode.swift; path = AuthScreen_UITests.swift; sourceTree = "<group>"; };
		D07BE659F95BF0C0959CC90C /* App-IOS-TestFeatures_Tests.xctest */ = {isa = PBXFileReference; explicitFileType = wrapper.cfbundle; includeInIndex = 0; path = "App-IOS-TestFeatures_Tests.xctest"; sourceTree = BUILT_PRODUCTS_DIR; };
		D07BE665FEA6B9B2DAAB3E12 /* Assets.xcassets */ = {isa = PBXFileReference; lastKnownFileType = folder.assetcatalog; path = Assets.xcassets; sourceTree = "<group>"; };
		D07BE66B9DE98030AFF1E5B3 /* App-IOS-TestFeatures_UITests.xctest */ = {isa = PBXFileReference; explicitFileType = wrapper.cfbundle; includeInIndex = 0; path = "App-IOS-TestFeatures_UITests.xctest"; sourceTree = BUILT_PRODUCTS_DIR; };
		D07BE69702571A7397F95E00 /* NewMockDataService_Test.swift */ = {isa = PBXFileReference; fileEncoding = 4; lastKnownFileType = sourcecode.swift; path = NewMockDataService_Test.swift; sourceTree = "<group>"; };
		D07BE71A459380A46CAD9B5B /* MainScreen_UITests.swift */ = {isa = PBXFileReference; fileEncoding = 4; lastKnownFileType = sourcecode.swift; path = MainScreen_UITests.swift; sourceTree = "<group>"; };
		D07BE7FC8B473AD8CF714437 /* UnitTestingViewModel.swift */ = {isa = PBXFileReference; fileEncoding = 4; lastKnownFileType = sourcecode.swift; path = UnitTestingViewModel.swift; sourceTree = "<group>"; };
		D07BE8006A7701647666FB42 /* Alert.swift */ = {isa = PBXFileReference; fileEncoding = 4; lastKnownFileType = sourcecode.swift; path = Alert.swift; sourceTree = "<group>"; };
		D07BE862805CA79B4D2EB546 /* App_IOS_TestFeaturesApp.swift */ = {isa = PBXFileReference; lastKnownFileType = sourcecode.swift; path = App_IOS_TestFeaturesApp.swift; sourceTree = "<group>"; };
		D07BE90D93E4DF438A7B3752 /* AuthView.swift */ = {isa = PBXFileReference; fileEncoding = 4; lastKnownFileType = sourcecode.swift; path = AuthView.swift; sourceTree = "<group>"; };
		D07BE984E7396490B02EBD2E /* NewMockDataService.swift */ = {isa = PBXFileReference; fileEncoding = 4; lastKnownFileType = sourcecode.swift; path = NewMockDataService.swift; sourceTree = "<group>"; };
		D07BEBE41710840DEB509BDA /* DependencyInjectionView.swift */ = {isa = PBXFileReference; fileEncoding = 4; lastKnownFileType = sourcecode.swift; path = DependencyInjectionView.swift; sourceTree = "<group>"; };
		D07BED5BA9EED3B6D68CDBCE /* ListView.swift */ = {isa = PBXFileReference; fileEncoding = 4; lastKnownFileType = sourcecode.swift; path = ListView.swift; sourceTree = "<group>"; };
		D07BEDF48F643B2300CC1517 /* UITestingView.swift */ = {isa = PBXFileReference; fileEncoding = 4; lastKnownFileType = sourcecode.swift; path = UITestingView.swift; sourceTree = "<group>"; };
		D07BEE05B76BD61ACB2C36EE /* Control.swift */ = {isa = PBXFileReference; fileEncoding = 4; lastKnownFileType = sourcecode.swift; path = Control.swift; sourceTree = "<group>"; };
		D07BEEC95829FCC10C8D14D2 /* MainPage.swift */ = {isa = PBXFileReference; fileEncoding = 4; lastKnownFileType = sourcecode.swift; path = MainPage.swift; sourceTree = "<group>"; };
		D07BEF2B129DB56EF4474B78 /* App-IOS-TestFeatures.app */ = {isa = PBXFileReference; explicitFileType = wrapper.application; includeInIndex = 0; path = "App-IOS-TestFeatures.app"; sourceTree = BUILT_PRODUCTS_DIR; };
		D07BEF96BD5F5EFC38B38E0B /* ProtocolView.swift */ = {isa = PBXFileReference; fileEncoding = 4; lastKnownFileType = sourcecode.swift; path = ProtocolView.swift; sourceTree = "<group>"; };
/* End PBXFileReference section */

/* Begin PBXFrameworksBuildPhase section */
		D07BE161075B5BA85CD6857E /* Frameworks */ = {
			isa = PBXFrameworksBuildPhase;
			buildActionMask = 2147483647;
			files = (
			);
			runOnlyForDeploymentPostprocessing = 0;
		};
		D07BE416BF5FD47FA56CCA12 /* Frameworks */ = {
			isa = PBXFrameworksBuildPhase;
			buildActionMask = 2147483647;
			files = (
			);
			runOnlyForDeploymentPostprocessing = 0;
		};
		D07BE4F7BC0D91F2019DD76F /* Frameworks */ = {
			isa = PBXFrameworksBuildPhase;
			buildActionMask = 2147483647;
			files = (
			);
			runOnlyForDeploymentPostprocessing = 0;
		};
/* End PBXFrameworksBuildPhase section */

/* Begin PBXGroup section */
		B8A40BB32891C854005B7FE8 /* MapGroup */ = {
			isa = PBXGroup;
			children = (
				B8A40BBD2891D3F0005B7FE8 /* DataServices */,
				B8A40BB92891D0D8005B7FE8 /* Views */,
				B8A40BBA2891D176005B7FE8 /* ViewModels */,
				B8A40BB82891D0D1005B7FE8 /* Models */,
			);
			path = MapGroup;
			sourceTree = "<group>";
		};
		B8A40BB82891D0D1005B7FE8 /* Models */ = {
			isa = PBXGroup;
			children = (
				B8A40BBB2891D223005B7FE8 /* Location.swift */,
			);
			path = Models;
			sourceTree = "<group>";
		};
		B8A40BB92891D0D8005B7FE8 /* Views */ = {
			isa = PBXGroup;
			children = (
				B8A40BB62891C8C1005B7FE8 /* MapView.swift */,
				B8D39C77289B108000737E9C /* LocationsListView.swift */,
				B8D39C79289D9B6300737E9C /* LocationsPreviewView.swift */,
			);
			path = Views;
			sourceTree = "<group>";
		};
		B8A40BBA2891D176005B7FE8 /* ViewModels */ = {
			isa = PBXGroup;
			children = (
				B8A40BC02891E190005B7FE8 /* MapViewModel.swift */,
			);
			path = ViewModels;
			sourceTree = "<group>";
		};
		B8A40BBD2891D3F0005B7FE8 /* DataServices */ = {
			isa = PBXGroup;
			children = (
				B8A40BBE2891D419005B7FE8 /* LocationsDataService.swift */,
			);
			path = DataServices;
			sourceTree = "<group>";
		};
		D07BE0824CE66E8738DA27D2 /* tests */ = {
			isa = PBXGroup;
			children = (
				D07BE168C86E8D0758844081 /* base */,
				D07BE5DF0CBFB1A27A1C881B /* AuthScreen_UITests.swift */,
				D07BE71A459380A46CAD9B5B /* MainScreen_UITests.swift */,
				B8A40BAD28906C81005B7FE8 /* PlayerView_UITests.swift */,
				B87F367E289FEECD00B0766F /* Map_UITest.swift */,
				B87F367C289FE92E00B0766F /* YouTube_UITest.swift */,
			);
			path = tests;
			sourceTree = "<group>";
		};
		D07BE168C86E8D0758844081 /* base */ = {
			isa = PBXGroup;
			children = (
				D07BE34513BCBE3A781EF11D /* BaseTestClass.swift */,
				B8A40BB1289070EE005B7FE8 /* BaseScenarios.swift */,
			);
			path = base;
			sourceTree = "<group>";
		};
		D07BE6AB7C2EC9DAF3819A4D /* App-IOS-TestFeatures */ = {
			isa = PBXGroup;
			children = (
				D07BE665FEA6B9B2DAAB3E12 /* Assets.xcassets */,
				D07BE862805CA79B4D2EB546 /* App_IOS_TestFeaturesApp.swift */,
				D07BE90D93E4DF438A7B3752 /* AuthView.swift */,
				D07BE31C95ED5C6FD7D9F482 /* MainView.swift */,
				D07BED5BA9EED3B6D68CDBCE /* ListView.swift */,
				D07BEF96BD5F5EFC38B38E0B /* ProtocolView.swift */,
				D07BEBE41710840DEB509BDA /* DependencyInjectionView.swift */,
				B8A40BAB288F4E18005B7FE8 /* PlayerView.swift */,
				B8A40BB32891C854005B7FE8 /* MapGroup */,
				D07BEDFAB95D437524A81BB8 /* UnitTesting */,
				D07BEE1CC0118D8366B06B04 /* UITesting */,
			);
			path = "App-IOS-TestFeatures";
			sourceTree = "<group>";
		};
		D07BE7D8DE022128B38665AA /* pages */ = {
			isa = PBXGroup;
			children = (
				D07BEC84E45FAD968406A269 /* base */,
				D07BE50D15126488CBF2F3CF /* AuthPage.swift */,
				D07BE8006A7701647666FB42 /* Alert.swift */,
				D07BEEC95829FCC10C8D14D2 /* MainPage.swift */,
				B8A40BAF28906D15005B7FE8 /* PlayerPage.swift */,
				B87F3680289FF36600B0766F /* MapPage.swift */,
			);
			path = pages;
			sourceTree = "<group>";
		};
		D07BE82826624244481225A7 = {
			isa = PBXGroup;
			children = (
				D07BED2B9D2138A14162076C /* Products */,
				D07BE6AB7C2EC9DAF3819A4D /* App-IOS-TestFeatures */,
				D07BE8648FD1BCCEC09F9ED4 /* App-IOS-TestFeatures_Tests */,
				D07BEBCE6B374EF5797AC7BC /* App-IOS-TestFeatures_UITests */,
			);
			sourceTree = "<group>";
		};
		D07BE8648FD1BCCEC09F9ED4 /* App-IOS-TestFeatures_Tests */ = {
			isa = PBXGroup;
			children = (
				D07BE69702571A7397F95E00 /* NewMockDataService_Test.swift */,
				D07BE1D38D3EED7AFABFB80B /* UnitTestingViewModel_Test.swift */,
			);
			path = "App-IOS-TestFeatures_Tests";
			sourceTree = "<group>";
		};
		D07BE9D9D35A3EAA5A5E1893 /* controller */ = {
			isa = PBXGroup;
			children = (
				D07BEE05B76BD61ACB2C36EE /* Control.swift */,
			);
			path = controller;
			sourceTree = "<group>";
		};
		D07BEBCE6B374EF5797AC7BC /* App-IOS-TestFeatures_UITests */ = {
			isa = PBXGroup;
			children = (
				D07BE9D9D35A3EAA5A5E1893 /* controller */,
				D07BE7D8DE022128B38665AA /* pages */,
				D07BE0824CE66E8738DA27D2 /* tests */,
			);
			path = "App-IOS-TestFeatures_UITests";
			sourceTree = "<group>";
		};
		D07BEC84E45FAD968406A269 /* base */ = {
			isa = PBXGroup;
			children = (
				D07BE59D5EF80B0A4648EB1C /* BasePage.swift */,
			);
			path = base;
			sourceTree = "<group>";
		};
		D07BED0B2CE70A7C0138F48A /* newMockDataService */ = {
			isa = PBXGroup;
			children = (
				D07BE984E7396490B02EBD2E /* NewMockDataService.swift */,
			);
			path = newMockDataService;
			sourceTree = "<group>";
		};
		D07BED2B9D2138A14162076C /* Products */ = {
			isa = PBXGroup;
			children = (
				D07BEF2B129DB56EF4474B78 /* App-IOS-TestFeatures.app */,
				D07BE659F95BF0C0959CC90C /* App-IOS-TestFeatures_Tests.xctest */,
				D07BE66B9DE98030AFF1E5B3 /* App-IOS-TestFeatures_UITests.xctest */,
			);
			name = Products;
			sourceTree = "<group>";
		};
		D07BEDFAB95D437524A81BB8 /* UnitTesting */ = {
			isa = PBXGroup;
			children = (
				D07BED0B2CE70A7C0138F48A /* newMockDataService */,
				D07BE13F25C8FC8AA7A78AA4 /* UnitTestingView.swift */,
				D07BE7FC8B473AD8CF714437 /* UnitTestingViewModel.swift */,
			);
			path = UnitTesting;
			sourceTree = "<group>";
		};
		D07BEE1CC0118D8366B06B04 /* UITesting */ = {
			isa = PBXGroup;
			children = (
				D07BEDF48F643B2300CC1517 /* UITestingView.swift */,
			);
			path = UITesting;
			sourceTree = "<group>";
		};
/* End PBXGroup section */

/* Begin PBXNativeTarget section */
		D07BE0862A75F026E625F2AB /* App-IOS-TestFeatures_UITests */ = {
			isa = PBXNativeTarget;
			buildConfigurationList = D07BE1EC25EA698182CA3B53 /* Build configuration list for PBXNativeTarget "App-IOS-TestFeatures_UITests" */;
			buildPhases = (
				D07BE53D8CB644BF1BC4B601 /* Sources */,
				D07BE416BF5FD47FA56CCA12 /* Frameworks */,
				D07BEA14892DFBDFA39C70B2 /* Resources */,
			);
			buildRules = (
			);
			dependencies = (
				D07BEE3C40FA6C5893BB5D0C /* PBXTargetDependency */,
			);
			name = "App-IOS-TestFeatures_UITests";
			productName = "App-IOS-TestFeatures_UITests";
			productReference = D07BE66B9DE98030AFF1E5B3 /* App-IOS-TestFeatures_UITests.xctest */;
			productType = "com.apple.product-type.bundle.ui-testing";
		};
		D07BE9E9733D988D833207EE /* App-IOS-TestFeatures (iOS) */ = {
			isa = PBXNativeTarget;
			buildConfigurationList = D07BEF88278A82B905785A49 /* Build configuration list for PBXNativeTarget "App-IOS-TestFeatures (iOS)" */;
			buildPhases = (
				D07BECD6CA84E846C8BF31EF /* Sources */,
				D07BE161075B5BA85CD6857E /* Frameworks */,
				D07BE5DA48B3E46C41A3FDBC /* Resources */,
			);
			buildRules = (
			);
			dependencies = (
			);
			name = "App-IOS-TestFeatures (iOS)";
			productName = "App-IOS-TestFeatures (iOS)";
			productReference = D07BEF2B129DB56EF4474B78 /* App-IOS-TestFeatures.app */;
			productType = "com.apple.product-type.application";
		};
		D07BEB6F46A7CF43846D04ED /* App-IOS-TestFeatures_Tests */ = {
			isa = PBXNativeTarget;
			buildConfigurationList = D07BEB48183D984BCD79D3A1 /* Build configuration list for PBXNativeTarget "App-IOS-TestFeatures_Tests" */;
			buildPhases = (
				D07BE0A81BEB4C959B85D603 /* Sources */,
				D07BE4F7BC0D91F2019DD76F /* Frameworks */,
				D07BE6F96E4050BB9395562A /* Resources */,
			);
			buildRules = (
			);
			dependencies = (
				D07BE1D3D710CECB4F30B39F /* PBXTargetDependency */,
			);
			name = "App-IOS-TestFeatures_Tests";
			productName = "App-IOS-TestFeatures_Tests";
			productReference = D07BE659F95BF0C0959CC90C /* App-IOS-TestFeatures_Tests.xctest */;
			productType = "com.apple.product-type.bundle.unit-test";
		};
/* End PBXNativeTarget section */

/* Begin PBXProject section */
		D07BE356E9D8B11B180BC6EC /* Project object */ = {
			isa = PBXProject;
			attributes = {
				TargetAttributes = {
					D07BE0862A75F026E625F2AB = {
						DevelopmentTeam = 25SRH6JAW3;
					};
					D07BE9E9733D988D833207EE = {
						DevelopmentTeam = 25SRH6JAW3;
						ProvisioningStyle = Automatic;
					};
					D07BEB6F46A7CF43846D04ED = {
						DevelopmentTeam = 25SRH6JAW3;
					};
				};
			};
			buildConfigurationList = D07BEADFDD09478A0761865D /* Build configuration list for PBXProject "App-IOS-TestFeatures" */;
			compatibilityVersion = "Xcode 3.2";
			developmentRegion = English;
			hasScannedForEncodings = 0;
			knownRegions = (
				English,
				en,
			);
			mainGroup = D07BE82826624244481225A7;
			productRefGroup = D07BED2B9D2138A14162076C /* Products */;
			projectDirPath = "";
			projectRoot = "";
			targets = (
				D07BE9E9733D988D833207EE /* App-IOS-TestFeatures (iOS) */,
				D07BEB6F46A7CF43846D04ED /* App-IOS-TestFeatures_Tests */,
				D07BE0862A75F026E625F2AB /* App-IOS-TestFeatures_UITests */,
			);
		};
/* End PBXProject section */

/* Begin PBXResourcesBuildPhase section */
		D07BE5DA48B3E46C41A3FDBC /* Resources */ = {
			isa = PBXResourcesBuildPhase;
			buildActionMask = 2147483647;
			files = (
				D07BE174A4CC74374B9DD31F /* Assets.xcassets in Resources */,
			);
			runOnlyForDeploymentPostprocessing = 0;
		};
		D07BE6F96E4050BB9395562A /* Resources */ = {
			isa = PBXResourcesBuildPhase;
			buildActionMask = 2147483647;
			files = (
			);
			runOnlyForDeploymentPostprocessing = 0;
		};
		D07BEA14892DFBDFA39C70B2 /* Resources */ = {
			isa = PBXResourcesBuildPhase;
			buildActionMask = 2147483647;
			files = (
			);
			runOnlyForDeploymentPostprocessing = 0;
		};
/* End PBXResourcesBuildPhase section */

/* Begin PBXSourcesBuildPhase section */
		D07BE0A81BEB4C959B85D603 /* Sources */ = {
			isa = PBXSourcesBuildPhase;
			buildActionMask = 2147483647;
			files = (
				D07BE5EE6D5472562EF49830 /* NewMockDataService_Test.swift in Sources */,
				D07BE4661C70580B8C814DD8 /* UnitTestingViewModel_Test.swift in Sources */,
			);
			runOnlyForDeploymentPostprocessing = 0;
		};
		D07BE53D8CB644BF1BC4B601 /* Sources */ = {
			isa = PBXSourcesBuildPhase;
			buildActionMask = 2147483647;
			files = (
				D07BE3512EEE52A4751C1AFF /* AuthScreen_UITests.swift in Sources */,
				D07BEAED416F49021D8A849E /* BaseTestClass.swift in Sources */,
				D07BE76AC51637B0D500EE54 /* AuthPage.swift in Sources */,
				B8A40BB028906D15005B7FE8 /* PlayerPage.swift in Sources */,
				D07BE2BB5538BF6FAE06840B /* Alert.swift in Sources */,
				B87F367F289FEECD00B0766F /* Map_UITest.swift in Sources */,
				B87F367D289FE92E00B0766F /* YouTube_UITest.swift in Sources */,
				B87F3681289FF36600B0766F /* MapPage.swift in Sources */,
				D07BE10088C008F91B696FF5 /* BasePage.swift in Sources */,
				D07BE8476FEA147B543EF367 /* Control.swift in Sources */,
				B8A40BAE28906C81005B7FE8 /* PlayerView_UITests.swift in Sources */,
				D07BE076143BAA79FF7EC3DC /* MainPage.swift in Sources */,
				D07BEC69B282AF65B1CC84FB /* MainScreen_UITests.swift in Sources */,
				B8A40BB2289070EE005B7FE8 /* BaseScenarios.swift in Sources */,
			);
			runOnlyForDeploymentPostprocessing = 0;
		};
		D07BECD6CA84E846C8BF31EF /* Sources */ = {
			isa = PBXSourcesBuildPhase;
			buildActionMask = 2147483647;
			files = (
				D07BE60B2E885611B7004BCD /* App_IOS_TestFeaturesApp.swift in Sources */,
				B8A40BB72891C8C1005B7FE8 /* MapView.swift in Sources */,
				B8A40BBF2891D419005B7FE8 /* LocationsDataService.swift in Sources */,
				D07BE6B215388C056BF30E55 /* AuthView.swift in Sources */,
				D07BEB981F89F92F662356E5 /* MainView.swift in Sources */,
				B8D39C78289B108000737E9C /* LocationsListView.swift in Sources */,
				B8A40BAC288F4E18005B7FE8 /* PlayerView.swift in Sources */,
				D07BE46152BA334FAA07A7BB /* ListView.swift in Sources */,
				B8A40BBC2891D223005B7FE8 /* Location.swift in Sources */,
				D07BEF82D3CE0411F8D653A8 /* ProtocolView.swift in Sources */,
				B8D39C7A289D9B6300737E9C /* LocationsPreviewView.swift in Sources */,
				D07BED071A0F0717C2B8A39D /* DependencyInjectionView.swift in Sources */,
				D07BEFBEC5193F99D1188670 /* NewMockDataService.swift in Sources */,
				B8A40BC12891E190005B7FE8 /* MapViewModel.swift in Sources */,
				D07BEF37B450F920209263B3 /* UnitTestingView.swift in Sources */,
				D07BE722B81582264B626028 /* UnitTestingViewModel.swift in Sources */,
				D07BEA1400C5674113059AB9 /* UITestingView.swift in Sources */,
			);
			runOnlyForDeploymentPostprocessing = 0;
		};
/* End PBXSourcesBuildPhase section */

/* Begin PBXTargetDependency section */
		D07BE1D3D710CECB4F30B39F /* PBXTargetDependency */ = {
			isa = PBXTargetDependency;
			target = D07BE9E9733D988D833207EE /* App-IOS-TestFeatures (iOS) */;
			targetProxy = D07BE628B2AE171CA265F5D8 /* PBXContainerItemProxy */;
		};
		D07BEE3C40FA6C5893BB5D0C /* PBXTargetDependency */ = {
			isa = PBXTargetDependency;
			target = D07BE9E9733D988D833207EE /* App-IOS-TestFeatures (iOS) */;
			targetProxy = D07BE5F6EF15E8D71AFEA241 /* PBXContainerItemProxy */;
		};
/* End PBXTargetDependency section */

/* Begin XCBuildConfiguration section */
		D07BE53568D651738F75BAA3 /* Release */ = {
			isa = XCBuildConfiguration;
			buildSettings = {
				ALWAYS_SEARCH_USER_PATHS = NO;
				CLANG_ANALYZER_NONNULL = YES;
				CLANG_ANALYZER_NUMBER_OBJECT_CONVERSION = YES_AGGRESSIVE;
				CLANG_CXX_LANGUAGE_STANDARD = "gnu++17";
				CLANG_ENABLE_MODULES = YES;
				CLANG_ENABLE_OBJC_ARC = YES;
				CLANG_ENABLE_OBJC_WEAK = YES;
				CLANG_WARN_BLOCK_CAPTURE_AUTORELEASING = YES;
				CLANG_WARN_BOOL_CONVERSION = YES;
				CLANG_WARN_COMMA = YES;
				CLANG_WARN_CONSTANT_CONVERSION = YES;
				CLANG_WARN_DEPRECATED_OBJC_IMPLEMENTATIONS = YES;
				CLANG_WARN_DIRECT_OBJC_ISA_USAGE = YES_ERROR;
				CLANG_WARN_DOCUMENTATION_COMMENTS = YES;
				CLANG_WARN_EMPTY_BODY = YES;
				CLANG_WARN_ENUM_CONVERSION = YES;
				CLANG_WARN_INFINITE_RECURSION = YES;
				CLANG_WARN_INT_CONVERSION = YES;
				CLANG_WARN_NON_LITERAL_NULL_CONVERSION = YES;
				CLANG_WARN_OBJC_IMPLICIT_RETAIN_SELF = YES;
				CLANG_WARN_OBJC_LITERAL_CONVERSION = YES;
				CLANG_WARN_OBJC_ROOT_CLASS = YES_ERROR;
				CLANG_WARN_QUOTED_INCLUDE_IN_FRAMEWORK_HEADER = YES;
				CLANG_WARN_RANGE_LOOP_ANALYSIS = YES;
				CLANG_WARN_STRICT_PROTOTYPES = YES;
				CLANG_WARN_SUSPICIOUS_MOVE = YES;
				CLANG_WARN_UNGUARDED_AVAILABILITY = YES_AGGRESSIVE;
				CLANG_WARN_UNREACHABLE_CODE = YES;
				CLANG_WARN__DUPLICATE_METHOD_MATCH = YES;
				COPY_PHASE_STRIP = NO;
				CURRENT_PROJECT_VERSION = 1;
				DEBUG_INFORMATION_FORMAT = "dwarf-with-dsym";
				DEVELOPMENT_TEAM = 25SRH6JAW3;
				ENABLE_NS_ASSERTIONS = NO;
				ENABLE_STRICT_OBJC_MSGSEND = YES;
				GCC_C_LANGUAGE_STANDARD = gnu11;
				GCC_NO_COMMON_BLOCKS = YES;
				GCC_WARN_64_TO_32_BIT_CONVERSION = YES;
				GCC_WARN_ABOUT_RETURN_TYPE = YES_ERROR;
				GCC_WARN_UNDECLARED_SELECTOR = YES;
				GCC_WARN_UNINITIALIZED_AUTOS = YES_AGGRESSIVE;
				GCC_WARN_UNUSED_FUNCTION = YES;
				GCC_WARN_UNUSED_VARIABLE = YES;
				GENERATE_INFOPLIST_FILE = YES;
				IPHONEOS_DEPLOYMENT_TARGET = 15.4;
				MARKETING_VERSION = 1.0;
				MTL_ENABLE_DEBUG_INFO = NO;
				MTL_FAST_MATH = YES;
				PRODUCT_BUNDLE_IDENTIFIER = "com.github.panarik.App-IOS-TestFeatures-UITests";
				PRODUCT_NAME = "$(TARGET_NAME)";
				SDKROOT = iphoneos;
				SWIFT_EMIT_LOC_STRINGS = NO;
				SWIFT_OPTIMIZATION_LEVEL = "-Owholemodule";
				SWIFT_VERSION = 5.0;
				TARGETED_DEVICE_FAMILY = "1,2";
				TEST_TARGET_NAME = "App-IOS-TestFeatures (iOS)";
				VALIDATE_PRODUCT = YES;
			};
			name = Release;
		};
		D07BE68446B516A62CCE571E /* Release */ = {
			isa = XCBuildConfiguration;
			buildSettings = {
				ASSETCATALOG_COMPILER_APPICON_NAME = AppIcon;
				ASSETCATALOG_COMPILER_GLOBAL_ACCENT_COLOR_NAME = AccentColor;
				CODE_SIGN_IDENTITY = "Apple Development";
				CODE_SIGN_STYLE = Automatic;
				CURRENT_PROJECT_VERSION = 1;
				DEVELOPMENT_TEAM = 25SRH6JAW3;
				ENABLE_PREVIEWS = YES;
				GENERATE_INFOPLIST_FILE = YES;
				INFOPLIST_KEY_UIApplicationSceneManifest_Generation = YES;
				INFOPLIST_KEY_UIApplicationSupportsIndirectInputEvents = YES;
				INFOPLIST_KEY_UILaunchScreen_Generation = YES;
				INFOPLIST_KEY_UISupportedInterfaceOrientations_iPad = "UIInterfaceOrientationPortrait UIInterfaceOrientationPortraitUpsideDown UIInterfaceOrientationLandscapeLeft UIInterfaceOrientationLandscapeRight";
				INFOPLIST_KEY_UISupportedInterfaceOrientations_iPhone = "UIInterfaceOrientationPortrait UIInterfaceOrientationLandscapeLeft UIInterfaceOrientationLandscapeRight";
				IPHONEOS_DEPLOYMENT_TARGET = 15.4;
				LD_RUNPATH_SEARCH_PATHS = "$(inherited) @executable_path/Frameworks";
				MARKETING_VERSION = 1.0;
				PRODUCT_BUNDLE_IDENTIFIER = "com.github.panarik.App-IOS-TestFeatures";
				PRODUCT_NAME = "App-IOS-TestFeatures";
				PROVISIONING_PROFILE_SPECIFIER = "";
				SDKROOT = iphoneos;
				SWIFT_EMIT_LOC_STRINGS = YES;
				SWIFT_VERSION = 5.0;
				TARGETED_DEVICE_FAMILY = "1,2";
				VALIDATE_PRODUCT = YES;
			};
			name = Release;
		};
		D07BE924D79AC78249502C4D /* Debug */ = {
			isa = XCBuildConfiguration;
			buildSettings = {
				ALWAYS_SEARCH_USER_PATHS = NO;
				BUNDLE_LOADER = "$(BUILT_PRODUCTS_DIR)/App-IOS-TestFeatures.app/App-IOS-TestFeatures";
				CLANG_ANALYZER_NONNULL = YES;
				CLANG_ANALYZER_NUMBER_OBJECT_CONVERSION = YES_AGGRESSIVE;
				CLANG_CXX_LANGUAGE_STANDARD = "gnu++17";
				CLANG_ENABLE_MODULES = YES;
				CLANG_ENABLE_OBJC_ARC = YES;
				CLANG_ENABLE_OBJC_WEAK = YES;
				CLANG_WARN_BLOCK_CAPTURE_AUTORELEASING = YES;
				CLANG_WARN_BOOL_CONVERSION = YES;
				CLANG_WARN_COMMA = YES;
				CLANG_WARN_CONSTANT_CONVERSION = YES;
				CLANG_WARN_DEPRECATED_OBJC_IMPLEMENTATIONS = YES;
				CLANG_WARN_DIRECT_OBJC_ISA_USAGE = YES_ERROR;
				CLANG_WARN_DOCUMENTATION_COMMENTS = YES;
				CLANG_WARN_EMPTY_BODY = YES;
				CLANG_WARN_ENUM_CONVERSION = YES;
				CLANG_WARN_INFINITE_RECURSION = YES;
				CLANG_WARN_INT_CONVERSION = YES;
				CLANG_WARN_NON_LITERAL_NULL_CONVERSION = YES;
				CLANG_WARN_OBJC_IMPLICIT_RETAIN_SELF = YES;
				CLANG_WARN_OBJC_LITERAL_CONVERSION = YES;
				CLANG_WARN_OBJC_ROOT_CLASS = YES_ERROR;
				CLANG_WARN_QUOTED_INCLUDE_IN_FRAMEWORK_HEADER = YES;
				CLANG_WARN_RANGE_LOOP_ANALYSIS = YES;
				CLANG_WARN_STRICT_PROTOTYPES = YES;
				CLANG_WARN_SUSPICIOUS_MOVE = YES;
				CLANG_WARN_UNGUARDED_AVAILABILITY = YES_AGGRESSIVE;
				CLANG_WARN_UNREACHABLE_CODE = YES;
				CLANG_WARN__DUPLICATE_METHOD_MATCH = YES;
				COPY_PHASE_STRIP = NO;
				CURRENT_PROJECT_VERSION = 1;
				DEBUG_INFORMATION_FORMAT = dwarf;
				DEVELOPMENT_TEAM = 25SRH6JAW3;
				ENABLE_STRICT_OBJC_MSGSEND = YES;
				ENABLE_TESTABILITY = YES;
				GCC_C_LANGUAGE_STANDARD = gnu11;
				GCC_DYNAMIC_NO_PIC = NO;
				GCC_NO_COMMON_BLOCKS = YES;
				GCC_OPTIMIZATION_LEVEL = 0;
				GCC_PREPROCESSOR_DEFINITIONS = (
					"DEBUG=1",
					"$(inherited)",
				);
				GCC_WARN_64_TO_32_BIT_CONVERSION = YES;
				GCC_WARN_ABOUT_RETURN_TYPE = YES_ERROR;
				GCC_WARN_UNDECLARED_SELECTOR = YES;
				GCC_WARN_UNINITIALIZED_AUTOS = YES_AGGRESSIVE;
				GCC_WARN_UNUSED_FUNCTION = YES;
				GCC_WARN_UNUSED_VARIABLE = YES;
				GENERATE_INFOPLIST_FILE = YES;
				IPHONEOS_DEPLOYMENT_TARGET = 15.4;
				MARKETING_VERSION = 1.0;
				MTL_ENABLE_DEBUG_INFO = INCLUDE_SOURCE;
				MTL_FAST_MATH = YES;
				ONLY_ACTIVE_ARCH = YES;
				PRODUCT_BUNDLE_IDENTIFIER = "com.github.panarik.App-IOS-TestFeatures-Tests";
				PRODUCT_NAME = "$(TARGET_NAME)";
				SDKROOT = iphoneos;
				SWIFT_ACTIVE_COMPILATION_CONDITIONS = DEBUG;
				SWIFT_EMIT_LOC_STRINGS = NO;
				SWIFT_OPTIMIZATION_LEVEL = "-Onone";
				SWIFT_VERSION = 5.0;
				TARGETED_DEVICE_FAMILY = "1,2";
				TEST_HOST = "$(BUNDLE_LOADER)";
			};
			name = Debug;
		};
		D07BEAC5C8C489676724291D /* Debug */ = {
			isa = XCBuildConfiguration;
			buildSettings = {
				ALWAYS_SEARCH_USER_PATHS = NO;
				CLANG_ANALYZER_NONNULL = YES;
				CLANG_ANALYZER_NUMBER_OBJECT_CONVERSION = YES_AGGRESSIVE;
				CLANG_CXX_LANGUAGE_STANDARD = "gnu++17";
				CLANG_ENABLE_MODULES = YES;
				CLANG_ENABLE_OBJC_ARC = YES;
				CLANG_ENABLE_OBJC_WEAK = YES;
				CLANG_WARN_BLOCK_CAPTURE_AUTORELEASING = YES;
				CLANG_WARN_BOOL_CONVERSION = YES;
				CLANG_WARN_COMMA = YES;
				CLANG_WARN_CONSTANT_CONVERSION = YES;
				CLANG_WARN_DEPRECATED_OBJC_IMPLEMENTATIONS = YES;
				CLANG_WARN_DIRECT_OBJC_ISA_USAGE = YES_ERROR;
				CLANG_WARN_DOCUMENTATION_COMMENTS = YES;
				CLANG_WARN_EMPTY_BODY = YES;
				CLANG_WARN_ENUM_CONVERSION = YES;
				CLANG_WARN_INFINITE_RECURSION = YES;
				CLANG_WARN_INT_CONVERSION = YES;
				CLANG_WARN_NON_LITERAL_NULL_CONVERSION = YES;
				CLANG_WARN_OBJC_IMPLICIT_RETAIN_SELF = YES;
				CLANG_WARN_OBJC_LITERAL_CONVERSION = YES;
				CLANG_WARN_OBJC_ROOT_CLASS = YES_ERROR;
				CLANG_WARN_QUOTED_INCLUDE_IN_FRAMEWORK_HEADER = YES;
				CLANG_WARN_RANGE_LOOP_ANALYSIS = YES;
				CLANG_WARN_STRICT_PROTOTYPES = YES;
				CLANG_WARN_SUSPICIOUS_MOVE = YES;
				CLANG_WARN_UNGUARDED_AVAILABILITY = YES_AGGRESSIVE;
				CLANG_WARN_UNREACHABLE_CODE = YES;
				CLANG_WARN__DUPLICATE_METHOD_MATCH = YES;
				COPY_PHASE_STRIP = NO;
				DEBUG_INFORMATION_FORMAT = dwarf;
				ENABLE_STRICT_OBJC_MSGSEND = YES;
				ENABLE_TESTABILITY = YES;
				GCC_C_LANGUAGE_STANDARD = gnu11;
				GCC_DYNAMIC_NO_PIC = NO;
				GCC_NO_COMMON_BLOCKS = YES;
				GCC_OPTIMIZATION_LEVEL = 0;
				GCC_PREPROCESSOR_DEFINITIONS = (
					"DEBUG=1",
					"$(inherited)",
				);
				GCC_WARN_64_TO_32_BIT_CONVERSION = YES;
				GCC_WARN_ABOUT_RETURN_TYPE = YES_ERROR;
				GCC_WARN_UNDECLARED_SELECTOR = YES;
				GCC_WARN_UNINITIALIZED_AUTOS = YES_AGGRESSIVE;
				GCC_WARN_UNUSED_FUNCTION = YES;
				GCC_WARN_UNUSED_VARIABLE = YES;
				MTL_ENABLE_DEBUG_INFO = INCLUDE_SOURCE;
				MTL_FAST_MATH = YES;
				ONLY_ACTIVE_ARCH = YES;
				SWIFT_ACTIVE_COMPILATION_CONDITIONS = DEBUG;
				SWIFT_OPTIMIZATION_LEVEL = "-Onone";
			};
			name = Debug;
		};
		D07BEB22764351F90CAD59D3 /* Debug */ = {
			isa = XCBuildConfiguration;
			buildSettings = {
				ASSETCATALOG_COMPILER_APPICON_NAME = AppIcon;
				ASSETCATALOG_COMPILER_GLOBAL_ACCENT_COLOR_NAME = AccentColor;
				CODE_SIGN_IDENTITY = "Apple Development";
				CODE_SIGN_STYLE = Automatic;
				CURRENT_PROJECT_VERSION = 1;
				DEVELOPMENT_TEAM = 25SRH6JAW3;
				ENABLE_PREVIEWS = YES;
				GENERATE_INFOPLIST_FILE = YES;
				INFOPLIST_KEY_UIApplicationSceneManifest_Generation = YES;
				INFOPLIST_KEY_UIApplicationSupportsIndirectInputEvents = YES;
				INFOPLIST_KEY_UILaunchScreen_Generation = YES;
				INFOPLIST_KEY_UISupportedInterfaceOrientations_iPad = "UIInterfaceOrientationPortrait UIInterfaceOrientationPortraitUpsideDown UIInterfaceOrientationLandscapeLeft UIInterfaceOrientationLandscapeRight";
				INFOPLIST_KEY_UISupportedInterfaceOrientations_iPhone = "UIInterfaceOrientationPortrait UIInterfaceOrientationLandscapeLeft UIInterfaceOrientationLandscapeRight";
				IPHONEOS_DEPLOYMENT_TARGET = 15.4;
				LD_RUNPATH_SEARCH_PATHS = "$(inherited) @executable_path/Frameworks";
				MARKETING_VERSION = 1.0;
				PRODUCT_BUNDLE_IDENTIFIER = "com.github.panarik.App-IOS-TestFeatures";
				PRODUCT_NAME = "App-IOS-TestFeatures";
				PROVISIONING_PROFILE_SPECIFIER = "";
				SDKROOT = iphoneos;
				SWIFT_EMIT_LOC_STRINGS = YES;
				SWIFT_VERSION = 5.0;
				TARGETED_DEVICE_FAMILY = "1,2";
			};
			name = Debug;
		};
		D07BEB49E7ABB69BD876E5BB /* Release */ = {
			isa = XCBuildConfiguration;
			buildSettings = {
				ALWAYS_SEARCH_USER_PATHS = NO;
				BUNDLE_LOADER = "$(BUILT_PRODUCTS_DIR)/App-IOS-TestFeatures.app/App-IOS-TestFeatures";
				CLANG_ANALYZER_NONNULL = YES;
				CLANG_ANALYZER_NUMBER_OBJECT_CONVERSION = YES_AGGRESSIVE;
				CLANG_CXX_LANGUAGE_STANDARD = "gnu++17";
				CLANG_ENABLE_MODULES = YES;
				CLANG_ENABLE_OBJC_ARC = YES;
				CLANG_ENABLE_OBJC_WEAK = YES;
				CLANG_WARN_BLOCK_CAPTURE_AUTORELEASING = YES;
				CLANG_WARN_BOOL_CONVERSION = YES;
				CLANG_WARN_COMMA = YES;
				CLANG_WARN_CONSTANT_CONVERSION = YES;
				CLANG_WARN_DEPRECATED_OBJC_IMPLEMENTATIONS = YES;
				CLANG_WARN_DIRECT_OBJC_ISA_USAGE = YES_ERROR;
				CLANG_WARN_DOCUMENTATION_COMMENTS = YES;
				CLANG_WARN_EMPTY_BODY = YES;
				CLANG_WARN_ENUM_CONVERSION = YES;
				CLANG_WARN_INFINITE_RECURSION = YES;
				CLANG_WARN_INT_CONVERSION = YES;
				CLANG_WARN_NON_LITERAL_NULL_CONVERSION = YES;
				CLANG_WARN_OBJC_IMPLICIT_RETAIN_SELF = YES;
				CLANG_WARN_OBJC_LITERAL_CONVERSION = YES;
				CLANG_WARN_OBJC_ROOT_CLASS = YES_ERROR;
				CLANG_WARN_QUOTED_INCLUDE_IN_FRAMEWORK_HEADER = YES;
				CLANG_WARN_RANGE_LOOP_ANALYSIS = YES;
				CLANG_WARN_STRICT_PROTOTYPES = YES;
				CLANG_WARN_SUSPICIOUS_MOVE = YES;
				CLANG_WARN_UNGUARDED_AVAILABILITY = YES_AGGRESSIVE;
				CLANG_WARN_UNREACHABLE_CODE = YES;
				CLANG_WARN__DUPLICATE_METHOD_MATCH = YES;
				COPY_PHASE_STRIP = NO;
				CURRENT_PROJECT_VERSION = 1;
				DEBUG_INFORMATION_FORMAT = "dwarf-with-dsym";
				DEVELOPMENT_TEAM = 25SRH6JAW3;
				ENABLE_NS_ASSERTIONS = NO;
				ENABLE_STRICT_OBJC_MSGSEND = YES;
				GCC_C_LANGUAGE_STANDARD = gnu11;
				GCC_NO_COMMON_BLOCKS = YES;
				GCC_WARN_64_TO_32_BIT_CONVERSION = YES;
				GCC_WARN_ABOUT_RETURN_TYPE = YES_ERROR;
				GCC_WARN_UNDECLARED_SELECTOR = YES;
				GCC_WARN_UNINITIALIZED_AUTOS = YES_AGGRESSIVE;
				GCC_WARN_UNUSED_FUNCTION = YES;
				GCC_WARN_UNUSED_VARIABLE = YES;
				GENERATE_INFOPLIST_FILE = YES;
				IPHONEOS_DEPLOYMENT_TARGET = 15.4;
				MARKETING_VERSION = 1.0;
				MTL_ENABLE_DEBUG_INFO = NO;
				MTL_FAST_MATH = YES;
				PRODUCT_BUNDLE_IDENTIFIER = "com.github.panarik.App-IOS-TestFeatures-Tests";
				PRODUCT_NAME = "$(TARGET_NAME)";
				SDKROOT = iphoneos;
				SWIFT_EMIT_LOC_STRINGS = NO;
				SWIFT_OPTIMIZATION_LEVEL = "-Owholemodule";
				SWIFT_VERSION = 5.0;
				TARGETED_DEVICE_FAMILY = "1,2";
				TEST_HOST = "$(BUNDLE_LOADER)";
				VALIDATE_PRODUCT = YES;
			};
			name = Release;
		};
		D07BEC0AB3CDE536921837E7 /* Debug */ = {
			isa = XCBuildConfiguration;
			buildSettings = {
				ALWAYS_SEARCH_USER_PATHS = NO;
				CLANG_ANALYZER_NONNULL = YES;
				CLANG_ANALYZER_NUMBER_OBJECT_CONVERSION = YES_AGGRESSIVE;
				CLANG_CXX_LANGUAGE_STANDARD = "gnu++17";
				CLANG_ENABLE_MODULES = YES;
				CLANG_ENABLE_OBJC_ARC = YES;
				CLANG_ENABLE_OBJC_WEAK = YES;
				CLANG_WARN_BLOCK_CAPTURE_AUTORELEASING = YES;
				CLANG_WARN_BOOL_CONVERSION = YES;
				CLANG_WARN_COMMA = YES;
				CLANG_WARN_CONSTANT_CONVERSION = YES;
				CLANG_WARN_DEPRECATED_OBJC_IMPLEMENTATIONS = YES;
				CLANG_WARN_DIRECT_OBJC_ISA_USAGE = YES_ERROR;
				CLANG_WARN_DOCUMENTATION_COMMENTS = YES;
				CLANG_WARN_EMPTY_BODY = YES;
				CLANG_WARN_ENUM_CONVERSION = YES;
				CLANG_WARN_INFINITE_RECURSION = YES;
				CLANG_WARN_INT_CONVERSION = YES;
				CLANG_WARN_NON_LITERAL_NULL_CONVERSION = YES;
				CLANG_WARN_OBJC_IMPLICIT_RETAIN_SELF = YES;
				CLANG_WARN_OBJC_LITERAL_CONVERSION = YES;
				CLANG_WARN_OBJC_ROOT_CLASS = YES_ERROR;
				CLANG_WARN_QUOTED_INCLUDE_IN_FRAMEWORK_HEADER = YES;
				CLANG_WARN_RANGE_LOOP_ANALYSIS = YES;
				CLANG_WARN_STRICT_PROTOTYPES = YES;
				CLANG_WARN_SUSPICIOUS_MOVE = YES;
				CLANG_WARN_UNGUARDED_AVAILABILITY = YES_AGGRESSIVE;
				CLANG_WARN_UNREACHABLE_CODE = YES;
				CLANG_WARN__DUPLICATE_METHOD_MATCH = YES;
				COPY_PHASE_STRIP = NO;
				CURRENT_PROJECT_VERSION = 1;
				DEBUG_INFORMATION_FORMAT = dwarf;
				DEVELOPMENT_TEAM = 25SRH6JAW3;
				ENABLE_STRICT_OBJC_MSGSEND = YES;
				ENABLE_TESTABILITY = YES;
				GCC_C_LANGUAGE_STANDARD = gnu11;
				GCC_DYNAMIC_NO_PIC = NO;
				GCC_NO_COMMON_BLOCKS = YES;
				GCC_OPTIMIZATION_LEVEL = 0;
				GCC_PREPROCESSOR_DEFINITIONS = (
					"DEBUG=1",
					"$(inherited)",
				);
				GCC_WARN_64_TO_32_BIT_CONVERSION = YES;
				GCC_WARN_ABOUT_RETURN_TYPE = YES_ERROR;
				GCC_WARN_UNDECLARED_SELECTOR = YES;
				GCC_WARN_UNINITIALIZED_AUTOS = YES_AGGRESSIVE;
				GCC_WARN_UNUSED_FUNCTION = YES;
				GCC_WARN_UNUSED_VARIABLE = YES;
				GENERATE_INFOPLIST_FILE = YES;
				IPHONEOS_DEPLOYMENT_TARGET = 15.4;
				MARKETING_VERSION = 1.0;
				MTL_ENABLE_DEBUG_INFO = INCLUDE_SOURCE;
				MTL_FAST_MATH = YES;
				ONLY_ACTIVE_ARCH = YES;
				PRODUCT_BUNDLE_IDENTIFIER = "com.github.panarik.App-IOS-TestFeatures-UITests";
				PRODUCT_NAME = "$(TARGET_NAME)";
				SDKROOT = iphoneos;
				SWIFT_ACTIVE_COMPILATION_CONDITIONS = DEBUG;
				SWIFT_EMIT_LOC_STRINGS = NO;
				SWIFT_OPTIMIZATION_LEVEL = "-Onone";
				SWIFT_VERSION = 5.0;
				TARGETED_DEVICE_FAMILY = "1,2";
				TEST_TARGET_NAME = "App-IOS-TestFeatures (iOS)";
			};
			name = Debug;
		};
		D07BED29C03CA5B318E105B3 /* Release */ = {
			isa = XCBuildConfiguration;
			buildSettings = {
				ALWAYS_SEARCH_USER_PATHS = NO;
				CLANG_ANALYZER_NONNULL = YES;
				CLANG_ANALYZER_NUMBER_OBJECT_CONVERSION = YES_AGGRESSIVE;
				CLANG_CXX_LANGUAGE_STANDARD = "gnu++17";
				CLANG_ENABLE_MODULES = YES;
				CLANG_ENABLE_OBJC_ARC = YES;
				CLANG_ENABLE_OBJC_WEAK = YES;
				CLANG_WARN_BLOCK_CAPTURE_AUTORELEASING = YES;
				CLANG_WARN_BOOL_CONVERSION = YES;
				CLANG_WARN_COMMA = YES;
				CLANG_WARN_CONSTANT_CONVERSION = YES;
				CLANG_WARN_DEPRECATED_OBJC_IMPLEMENTATIONS = YES;
				CLANG_WARN_DIRECT_OBJC_ISA_USAGE = YES_ERROR;
				CLANG_WARN_DOCUMENTATION_COMMENTS = YES;
				CLANG_WARN_EMPTY_BODY = YES;
				CLANG_WARN_ENUM_CONVERSION = YES;
				CLANG_WARN_INFINITE_RECURSION = YES;
				CLANG_WARN_INT_CONVERSION = YES;
				CLANG_WARN_NON_LITERAL_NULL_CONVERSION = YES;
				CLANG_WARN_OBJC_IMPLICIT_RETAIN_SELF = YES;
				CLANG_WARN_OBJC_LITERAL_CONVERSION = YES;
				CLANG_WARN_OBJC_ROOT_CLASS = YES_ERROR;
				CLANG_WARN_QUOTED_INCLUDE_IN_FRAMEWORK_HEADER = YES;
				CLANG_WARN_RANGE_LOOP_ANALYSIS = YES;
				CLANG_WARN_STRICT_PROTOTYPES = YES;
				CLANG_WARN_SUSPICIOUS_MOVE = YES;
				CLANG_WARN_UNGUARDED_AVAILABILITY = YES_AGGRESSIVE;
				CLANG_WARN_UNREACHABLE_CODE = YES;
				CLANG_WARN__DUPLICATE_METHOD_MATCH = YES;
				COPY_PHASE_STRIP = NO;
				DEBUG_INFORMATION_FORMAT = "dwarf-with-dsym";
				ENABLE_NS_ASSERTIONS = NO;
				ENABLE_STRICT_OBJC_MSGSEND = YES;
				GCC_C_LANGUAGE_STANDARD = gnu11;
				GCC_NO_COMMON_BLOCKS = YES;
				GCC_WARN_64_TO_32_BIT_CONVERSION = YES;
				GCC_WARN_ABOUT_RETURN_TYPE = YES_ERROR;
				GCC_WARN_UNDECLARED_SELECTOR = YES;
				GCC_WARN_UNINITIALIZED_AUTOS = YES_AGGRESSIVE;
				GCC_WARN_UNUSED_FUNCTION = YES;
				GCC_WARN_UNUSED_VARIABLE = YES;
				MTL_ENABLE_DEBUG_INFO = NO;
				MTL_FAST_MATH = YES;
				SWIFT_OPTIMIZATION_LEVEL = "-Owholemodule";
			};
			name = Release;
		};
/* End XCBuildConfiguration section */

/* Begin XCConfigurationList section */
		D07BE1EC25EA698182CA3B53 /* Build configuration list for PBXNativeTarget "App-IOS-TestFeatures_UITests" */ = {
			isa = XCConfigurationList;
			buildConfigurations = (
				D07BEC0AB3CDE536921837E7 /* Debug */,
				D07BE53568D651738F75BAA3 /* Release */,
			);
			defaultConfigurationIsVisible = 0;
			defaultConfigurationName = Release;
		};
		D07BEADFDD09478A0761865D /* Build configuration list for PBXProject "App-IOS-TestFeatures" */ = {
			isa = XCConfigurationList;
			buildConfigurations = (
				D07BEAC5C8C489676724291D /* Debug */,
				D07BED29C03CA5B318E105B3 /* Release */,
			);
			defaultConfigurationIsVisible = 0;
			defaultConfigurationName = Release;
		};
		D07BEB48183D984BCD79D3A1 /* Build configuration list for PBXNativeTarget "App-IOS-TestFeatures_Tests" */ = {
			isa = XCConfigurationList;
			buildConfigurations = (
				D07BE924D79AC78249502C4D /* Debug */,
				D07BEB49E7ABB69BD876E5BB /* Release */,
			);
			defaultConfigurationIsVisible = 0;
			defaultConfigurationName = Release;
		};
		D07BEF88278A82B905785A49 /* Build configuration list for PBXNativeTarget "App-IOS-TestFeatures (iOS)" */ = {
			isa = XCConfigurationList;
			buildConfigurations = (
				D07BEB22764351F90CAD59D3 /* Debug */,
				D07BE68446B516A62CCE571E /* Release */,
			);
			defaultConfigurationIsVisible = 0;
			defaultConfigurationName = Release;
		};
/* End XCConfigurationList section */
	};
	rootObject = D07BE356E9D8B11B180BC6EC /* Project object */;
}
