// !$*UTF8*$!
{
	archiveVersion = 1;
	classes = {
	};
	objectVersion = 55;
	objects = {

/* Begin PBXBuildFile section */
		B863A80B28809AE3001FDC15 /* App_IOS_TestFeaturesApp.swift in Sources */ = {isa = PBXBuildFile; fileRef = B863A80A28809AE3001FDC15 /* App_IOS_TestFeaturesApp.swift */; };
		B863A80D28809AE3001FDC15 /* ContentView.swift in Sources */ = {isa = PBXBuildFile; fileRef = B863A80C28809AE3001FDC15 /* ContentView.swift */; };
		B863A80F28809AE4001FDC15 /* Assets.xcassets in Resources */ = {isa = PBXBuildFile; fileRef = B863A80E28809AE4001FDC15 /* Assets.xcassets */; };
		B863A81228809AE4001FDC15 /* Preview Assets.xcassets in Resources */ = {isa = PBXBuildFile; fileRef = B863A81128809AE4001FDC15 /* Preview Assets.xcassets */; };
		B863A81C28809AE4001FDC15 /* App_IOS_TestFeaturesTests.swift in Sources */ = {isa = PBXBuildFile; fileRef = B863A81B28809AE4001FDC15 /* App_IOS_TestFeaturesTests.swift */; };
		B863A82628809AE4001FDC15 /* App_IOS_TestFeaturesUITests.swift in Sources */ = {isa = PBXBuildFile; fileRef = B863A82528809AE4001FDC15 /* App_IOS_TestFeaturesUITests.swift */; };
		B863A82828809AE4001FDC15 /* App_IOS_TestFeaturesUITestsLaunchTests.swift in Sources */ = {isa = PBXBuildFile; fileRef = B863A82728809AE4001FDC15 /* App_IOS_TestFeaturesUITestsLaunchTests.swift */; };
/* End PBXBuildFile section */

/* Begin PBXContainerItemProxy section */
		B863A81828809AE4001FDC15 /* PBXContainerItemProxy */ = {
			isa = PBXContainerItemProxy;
			containerPortal = B863A7FF28809AE3001FDC15 /* Project object */;
			proxyType = 1;
			remoteGlobalIDString = B863A80628809AE3001FDC15;
			remoteInfo = "App-IOS-TestFeatures";
		};
		B863A82228809AE4001FDC15 /* PBXContainerItemProxy */ = {
			isa = PBXContainerItemProxy;
			containerPortal = B863A7FF28809AE3001FDC15 /* Project object */;
			proxyType = 1;
			remoteGlobalIDString = B863A80628809AE3001FDC15;
			remoteInfo = "App-IOS-TestFeatures";
		};
/* End PBXContainerItemProxy section */

/* Begin PBXFileReference section */
		B863A80728809AE3001FDC15 /* App-IOS-TestFeatures.app */ = {isa = PBXFileReference; explicitFileType = wrapper.application; includeInIndex = 0; path = "App-IOS-TestFeatures.app"; sourceTree = BUILT_PRODUCTS_DIR; };
		B863A80A28809AE3001FDC15 /* App_IOS_TestFeaturesApp.swift */ = {isa = PBXFileReference; lastKnownFileType = sourcecode.swift; path = App_IOS_TestFeaturesApp.swift; sourceTree = "<group>"; };
		B863A80C28809AE3001FDC15 /* ContentView.swift */ = {isa = PBXFileReference; lastKnownFileType = sourcecode.swift; path = ContentView.swift; sourceTree = "<group>"; };
		B863A80E28809AE4001FDC15 /* Assets.xcassets */ = {isa = PBXFileReference; lastKnownFileType = folder.assetcatalog; path = Assets.xcassets; sourceTree = "<group>"; };
		B863A81128809AE4001FDC15 /* Preview Assets.xcassets */ = {isa = PBXFileReference; lastKnownFileType = folder.assetcatalog; path = "Preview Assets.xcassets"; sourceTree = "<group>"; };
		B863A81728809AE4001FDC15 /* App-IOS-TestFeaturesTests.xctest */ = {isa = PBXFileReference; explicitFileType = wrapper.cfbundle; includeInIndex = 0; path = "App-IOS-TestFeaturesTests.xctest"; sourceTree = BUILT_PRODUCTS_DIR; };
		B863A81B28809AE4001FDC15 /* App_IOS_TestFeaturesTests.swift */ = {isa = PBXFileReference; lastKnownFileType = sourcecode.swift; path = App_IOS_TestFeaturesTests.swift; sourceTree = "<group>"; };
		B863A82128809AE4001FDC15 /* App-IOS-TestFeaturesUITests.xctest */ = {isa = PBXFileReference; explicitFileType = wrapper.cfbundle; includeInIndex = 0; path = "App-IOS-TestFeaturesUITests.xctest"; sourceTree = BUILT_PRODUCTS_DIR; };
		B863A82528809AE4001FDC15 /* App_IOS_TestFeaturesUITests.swift */ = {isa = PBXFileReference; lastKnownFileType = sourcecode.swift; path = App_IOS_TestFeaturesUITests.swift; sourceTree = "<group>"; };
		B863A82728809AE4001FDC15 /* App_IOS_TestFeaturesUITestsLaunchTests.swift */ = {isa = PBXFileReference; lastKnownFileType = sourcecode.swift; path = App_IOS_TestFeaturesUITestsLaunchTests.swift; sourceTree = "<group>"; };
/* End PBXFileReference section */

/* Begin PBXFrameworksBuildPhase section */
		B863A80428809AE3001FDC15 /* Frameworks */ = {
			isa = PBXFrameworksBuildPhase;
			buildActionMask = 2147483647;
			files = (
			);
			runOnlyForDeploymentPostprocessing = 0;
		};
		B863A81428809AE4001FDC15 /* Frameworks */ = {
			isa = PBXFrameworksBuildPhase;
			buildActionMask = 2147483647;
			files = (
			);
			runOnlyForDeploymentPostprocessing = 0;
		};
		B863A81E28809AE4001FDC15 /* Frameworks */ = {
			isa = PBXFrameworksBuildPhase;
			buildActionMask = 2147483647;
			files = (
			);
			runOnlyForDeploymentPostprocessing = 0;
		};
/* End PBXFrameworksBuildPhase section */

/* Begin PBXGroup section */
		B863A7FE28809AE3001FDC15 = {
			isa = PBXGroup;
			children = (
				B863A80928809AE3001FDC15 /* App-IOS-TestFeatures */,
				B863A81A28809AE4001FDC15 /* App-IOS-TestFeaturesTests */,
				B863A82428809AE4001FDC15 /* App-IOS-TestFeaturesUITests */,
				B863A80828809AE3001FDC15 /* Products */,
			);
			sourceTree = "<group>";
		};
		B863A80828809AE3001FDC15 /* Products */ = {
			isa = PBXGroup;
			children = (
				B863A80728809AE3001FDC15 /* App-IOS-TestFeatures.app */,
				B863A81728809AE4001FDC15 /* App-IOS-TestFeaturesTests.xctest */,
				B863A82128809AE4001FDC15 /* App-IOS-TestFeaturesUITests.xctest */,
			);
			name = Products;
			sourceTree = "<group>";
		};
		B863A80928809AE3001FDC15 /* App-IOS-TestFeatures */ = {
			isa = PBXGroup;
			children = (
				B863A80A28809AE3001FDC15 /* App_IOS_TestFeaturesApp.swift */,
				B863A80C28809AE3001FDC15 /* ContentView.swift */,
				B863A80E28809AE4001FDC15 /* Assets.xcassets */,
				B863A81028809AE4001FDC15 /* Preview Content */,
			);
			path = "App-IOS-TestFeatures";
			sourceTree = "<group>";
		};
		B863A81028809AE4001FDC15 /* Preview Content */ = {
			isa = PBXGroup;
			children = (
				B863A81128809AE4001FDC15 /* Preview Assets.xcassets */,
			);
			path = "Preview Content";
			sourceTree = "<group>";
		};
		B863A81A28809AE4001FDC15 /* App-IOS-TestFeaturesTests */ = {
			isa = PBXGroup;
			children = (
				B863A81B28809AE4001FDC15 /* App_IOS_TestFeaturesTests.swift */,
			);
			path = "App-IOS-TestFeaturesTests";
			sourceTree = "<group>";
		};
		B863A82428809AE4001FDC15 /* App-IOS-TestFeaturesUITests */ = {
			isa = PBXGroup;
			children = (
				B863A82528809AE4001FDC15 /* App_IOS_TestFeaturesUITests.swift */,
				B863A82728809AE4001FDC15 /* App_IOS_TestFeaturesUITestsLaunchTests.swift */,
			);
			path = "App-IOS-TestFeaturesUITests";
			sourceTree = "<group>";
		};
/* End PBXGroup section */

/* Begin PBXNativeTarget section */
		B863A80628809AE3001FDC15 /* App-IOS-TestFeatures */ = {
			isa = PBXNativeTarget;
			buildConfigurationList = B863A82B28809AE4001FDC15 /* Build configuration list for PBXNativeTarget "App-IOS-TestFeatures" */;
			buildPhases = (
				B863A80328809AE3001FDC15 /* Sources */,
				B863A80428809AE3001FDC15 /* Frameworks */,
				B863A80528809AE3001FDC15 /* Resources */,
			);
			buildRules = (
			);
			dependencies = (
			);
			name = "App-IOS-TestFeatures";
			productName = "App-IOS-TestFeatures";
			productReference = B863A80728809AE3001FDC15 /* App-IOS-TestFeatures.app */;
			productType = "com.apple.product-type.application";
		};
		B863A81628809AE4001FDC15 /* App-IOS-TestFeaturesTests */ = {
			isa = PBXNativeTarget;
			buildConfigurationList = B863A82E28809AE4001FDC15 /* Build configuration list for PBXNativeTarget "App-IOS-TestFeaturesTests" */;
			buildPhases = (
				B863A81328809AE4001FDC15 /* Sources */,
				B863A81428809AE4001FDC15 /* Frameworks */,
				B863A81528809AE4001FDC15 /* Resources */,
			);
			buildRules = (
			);
			dependencies = (
				B863A81928809AE4001FDC15 /* PBXTargetDependency */,
			);
			name = "App-IOS-TestFeaturesTests";
			productName = "App-IOS-TestFeaturesTests";
			productReference = B863A81728809AE4001FDC15 /* App-IOS-TestFeaturesTests.xctest */;
			productType = "com.apple.product-type.bundle.unit-test";
		};
		B863A82028809AE4001FDC15 /* App-IOS-TestFeaturesUITests */ = {
			isa = PBXNativeTarget;
			buildConfigurationList = B863A83128809AE4001FDC15 /* Build configuration list for PBXNativeTarget "App-IOS-TestFeaturesUITests" */;
			buildPhases = (
				B863A81D28809AE4001FDC15 /* Sources */,
				B863A81E28809AE4001FDC15 /* Frameworks */,
				B863A81F28809AE4001FDC15 /* Resources */,
			);
			buildRules = (
			);
			dependencies = (
				B863A82328809AE4001FDC15 /* PBXTargetDependency */,
			);
			name = "App-IOS-TestFeaturesUITests";
			productName = "App-IOS-TestFeaturesUITests";
			productReference = B863A82128809AE4001FDC15 /* App-IOS-TestFeaturesUITests.xctest */;
			productType = "com.apple.product-type.bundle.ui-testing";
		};
/* End PBXNativeTarget section */

/* Begin PBXProject section */
		B863A7FF28809AE3001FDC15 /* Project object */ = {
			isa = PBXProject;
			attributes = {
				BuildIndependentTargetsInParallel = 1;
				LastSwiftUpdateCheck = 1330;
				LastUpgradeCheck = 1330;
				TargetAttributes = {
					B863A80628809AE3001FDC15 = {
						CreatedOnToolsVersion = 13.3.1;
					};
					B863A81628809AE4001FDC15 = {
						CreatedOnToolsVersion = 13.3.1;
						TestTargetID = B863A80628809AE3001FDC15;
					};
					B863A82028809AE4001FDC15 = {
						CreatedOnToolsVersion = 13.3.1;
						TestTargetID = B863A80628809AE3001FDC15;
					};
				};
			};
			buildConfigurationList = B863A80228809AE3001FDC15 /* Build configuration list for PBXProject "App-IOS-TestFeatures" */;
			compatibilityVersion = "Xcode 13.0";
			developmentRegion = en;
			hasScannedForEncodings = 0;
			knownRegions = (
				en,
				Base,
			);
			mainGroup = B863A7FE28809AE3001FDC15;
			productRefGroup = B863A80828809AE3001FDC15 /* Products */;
			projectDirPath = "";
			projectRoot = "";
			targets = (
				B863A80628809AE3001FDC15 /* App-IOS-TestFeatures */,
				B863A81628809AE4001FDC15 /* App-IOS-TestFeaturesTests */,
				B863A82028809AE4001FDC15 /* App-IOS-TestFeaturesUITests */,
			);
		};
/* End PBXProject section */

/* Begin PBXResourcesBuildPhase section */
		B863A80528809AE3001FDC15 /* Resources */ = {
			isa = PBXResourcesBuildPhase;
			buildActionMask = 2147483647;
			files = (
				B863A81228809AE4001FDC15 /* Preview Assets.xcassets in Resources */,
				B863A80F28809AE4001FDC15 /* Assets.xcassets in Resources */,
			);
			runOnlyForDeploymentPostprocessing = 0;
		};
		B863A81528809AE4001FDC15 /* Resources */ = {
			isa = PBXResourcesBuildPhase;
			buildActionMask = 2147483647;
			files = (
			);
			runOnlyForDeploymentPostprocessing = 0;
		};
		B863A81F28809AE4001FDC15 /* Resources */ = {
			isa = PBXResourcesBuildPhase;
			buildActionMask = 2147483647;
			files = (
			);
			runOnlyForDeploymentPostprocessing = 0;
		};
/* End PBXResourcesBuildPhase section */

/* Begin PBXSourcesBuildPhase section */
		B863A80328809AE3001FDC15 /* Sources */ = {
			isa = PBXSourcesBuildPhase;
			buildActionMask = 2147483647;
			files = (
				B863A80D28809AE3001FDC15 /* ContentView.swift in Sources */,
				B863A80B28809AE3001FDC15 /* App_IOS_TestFeaturesApp.swift in Sources */,
			);
			runOnlyForDeploymentPostprocessing = 0;
		};
		B863A81328809AE4001FDC15 /* Sources */ = {
			isa = PBXSourcesBuildPhase;
			buildActionMask = 2147483647;
			files = (
				B863A81C28809AE4001FDC15 /* App_IOS_TestFeaturesTests.swift in Sources */,
			);
			runOnlyForDeploymentPostprocessing = 0;
		};
		B863A81D28809AE4001FDC15 /* Sources */ = {
			isa = PBXSourcesBuildPhase;
			buildActionMask = 2147483647;
			files = (
				B863A82628809AE4001FDC15 /* App_IOS_TestFeaturesUITests.swift in Sources */,
				B863A82828809AE4001FDC15 /* App_IOS_TestFeaturesUITestsLaunchTests.swift in Sources */,
			);
			runOnlyForDeploymentPostprocessing = 0;
		};
/* End PBXSourcesBuildPhase section */

/* Begin PBXTargetDependency section */
		B863A81928809AE4001FDC15 /* PBXTargetDependency */ = {
			isa = PBXTargetDependency;
			target = B863A80628809AE3001FDC15 /* App-IOS-TestFeatures */;
			targetProxy = B863A81828809AE4001FDC15 /* PBXContainerItemProxy */;
		};
		B863A82328809AE4001FDC15 /* PBXTargetDependency */ = {
			isa = PBXTargetDependency;
			target = B863A80628809AE3001FDC15 /* App-IOS-TestFeatures */;
			targetProxy = B863A82228809AE4001FDC15 /* PBXContainerItemProxy */;
		};
/* End PBXTargetDependency section */

/* Begin XCBuildConfiguration section */
		B863A82928809AE4001FDC15 /* Debug */ = {
			isa = XCBuildConfiguration;
			buildSettings = {
				ALWAYS_SEARCH_USER_PATHS = NO;
				CLANG_ANALYZER_NONNULL = YES;
				CLANG_ANALYZER_NUMBER_OBJECT_CONVERSION = YES_AGGRESSIVE;
				CLANG_CXX_LANGUAGE_STANDARD = "gnu++17";
				CLANG_ENABLE_MODULES = YES;
				CLANG_ENABLE_OBJC_ARC = YES;
				CLANG_ENABLE_OBJC_WEAK = YES;
				CLANG_WARN_BLOCK_CAPTURE_AUTORELEASING = YES;
				CLANG_WARN_BOOL_CONVERSION = YES;
				CLANG_WARN_COMMA = YES;
				CLANG_WARN_CONSTANT_CONVERSION = YES;
				CLANG_WARN_DEPRECATED_OBJC_IMPLEMENTATIONS = YES;
				CLANG_WARN_DIRECT_OBJC_ISA_USAGE = YES_ERROR;
				CLANG_WARN_DOCUMENTATION_COMMENTS = YES;
				CLANG_WARN_EMPTY_BODY = YES;
				CLANG_WARN_ENUM_CONVERSION = YES;
				CLANG_WARN_INFINITE_RECURSION = YES;
				CLANG_WARN_INT_CONVERSION = YES;
				CLANG_WARN_NON_LITERAL_NULL_CONVERSION = YES;
				CLANG_WARN_OBJC_IMPLICIT_RETAIN_SELF = YES;
				CLANG_WARN_OBJC_LITERAL_CONVERSION = YES;
				CLANG_WARN_OBJC_ROOT_CLASS = YES_ERROR;
				CLANG_WARN_QUOTED_INCLUDE_IN_FRAMEWORK_HEADER = YES;
				CLANG_WARN_RANGE_LOOP_ANALYSIS = YES;
				CLANG_WARN_STRICT_PROTOTYPES = YES;
				CLANG_WARN_SUSPICIOUS_MOVE = YES;
				CLANG_WARN_UNGUARDED_AVAILABILITY = YES_AGGRESSIVE;
				CLANG_WARN_UNREACHABLE_CODE = YES;
				CLANG_WARN__DUPLICATE_METHOD_MATCH = YES;
				COPY_PHASE_STRIP = NO;
				DEBUG_INFORMATION_FORMAT = dwarf;
				ENABLE_STRICT_OBJC_MSGSEND = YES;
				ENABLE_TESTABILITY = YES;
				GCC_C_LANGUAGE_STANDARD = gnu11;
				GCC_DYNAMIC_NO_PIC = NO;
				GCC_NO_COMMON_BLOCKS = YES;
				GCC_OPTIMIZATION_LEVEL = 0;
				GCC_PREPROCESSOR_DEFINITIONS = (
					"DEBUG=1",
					"$(inherited)",
				);
				GCC_WARN_64_TO_32_BIT_CONVERSION = YES;
				GCC_WARN_ABOUT_RETURN_TYPE = YES_ERROR;
				GCC_WARN_UNDECLARED_SELECTOR = YES;
				GCC_WARN_UNINITIALIZED_AUTOS = YES_AGGRESSIVE;
				GCC_WARN_UNUSED_FUNCTION = YES;
				GCC_WARN_UNUSED_VARIABLE = YES;
				IPHONEOS_DEPLOYMENT_TARGET = 15.4;
				MTL_ENABLE_DEBUG_INFO = INCLUDE_SOURCE;
				MTL_FAST_MATH = YES;
				ONLY_ACTIVE_ARCH = YES;
				SDKROOT = iphoneos;
				SWIFT_ACTIVE_COMPILATION_CONDITIONS = DEBUG;
				SWIFT_OPTIMIZATION_LEVEL = "-Onone";
			};
			name = Debug;
		};
		B863A82A28809AE4001FDC15 /* Release */ = {
			isa = XCBuildConfiguration;
			buildSettings = {
				ALWAYS_SEARCH_USER_PATHS = NO;
				CLANG_ANALYZER_NONNULL = YES;
				CLANG_ANALYZER_NUMBER_OBJECT_CONVERSION = YES_AGGRESSIVE;
				CLANG_CXX_LANGUAGE_STANDARD = "gnu++17";
				CLANG_ENABLE_MODULES = YES;
				CLANG_ENABLE_OBJC_ARC = YES;
				CLANG_ENABLE_OBJC_WEAK = YES;
				CLANG_WARN_BLOCK_CAPTURE_AUTORELEASING = YES;
				CLANG_WARN_BOOL_CONVERSION = YES;
				CLANG_WARN_COMMA = YES;
				CLANG_WARN_CONSTANT_CONVERSION = YES;
				CLANG_WARN_DEPRECATED_OBJC_IMPLEMENTATIONS = YES;
				CLANG_WARN_DIRECT_OBJC_ISA_USAGE = YES_ERROR;
				CLANG_WARN_DOCUMENTATION_COMMENTS = YES;
				CLANG_WARN_EMPTY_BODY = YES;
				CLANG_WARN_ENUM_CONVERSION = YES;
				CLANG_WARN_INFINITE_RECURSION = YES;
				CLANG_WARN_INT_CONVERSION = YES;
				CLANG_WARN_NON_LITERAL_NULL_CONVERSION = YES;
				CLANG_WARN_OBJC_IMPLICIT_RETAIN_SELF = YES;
				CLANG_WARN_OBJC_LITERAL_CONVERSION = YES;
				CLANG_WARN_OBJC_ROOT_CLASS = YES_ERROR;
				CLANG_WARN_QUOTED_INCLUDE_IN_FRAMEWORK_HEADER = YES;
				CLANG_WARN_RANGE_LOOP_ANALYSIS = YES;
				CLANG_WARN_STRICT_PROTOTYPES = YES;
				CLANG_WARN_SUSPICIOUS_MOVE = YES;
				CLANG_WARN_UNGUARDED_AVAILABILITY = YES_AGGRESSIVE;
				CLANG_WARN_UNREACHABLE_CODE = YES;
				CLANG_WARN__DUPLICATE_METHOD_MATCH = YES;
				COPY_PHASE_STRIP = NO;
				DEBUG_INFORMATION_FORMAT = "dwarf-with-dsym";
				ENABLE_NS_ASSERTIONS = NO;
				ENABLE_STRICT_OBJC_MSGSEND = YES;
				GCC_C_LANGUAGE_STANDARD = gnu11;
				GCC_NO_COMMON_BLOCKS = YES;
				GCC_WARN_64_TO_32_BIT_CONVERSION = YES;
				GCC_WARN_ABOUT_RETURN_TYPE = YES_ERROR;
				GCC_WARN_UNDECLARED_SELECTOR = YES;
				GCC_WARN_UNINITIALIZED_AUTOS = YES_AGGRESSIVE;
				GCC_WARN_UNUSED_FUNCTION = YES;
				GCC_WARN_UNUSED_VARIABLE = YES;
				IPHONEOS_DEPLOYMENT_TARGET = 15.4;
				MTL_ENABLE_DEBUG_INFO = NO;
				MTL_FAST_MATH = YES;
				SDKROOT = iphoneos;
				SWIFT_COMPILATION_MODE = wholemodule;
				SWIFT_OPTIMIZATION_LEVEL = "-O";
				VALIDATE_PRODUCT = YES;
			};
			name = Release;
		};
		B863A82C28809AE4001FDC15 /* Debug */ = {
			isa = XCBuildConfiguration;
			buildSettings = {
				ASSETCATALOG_COMPILER_APPICON_NAME = AppIcon;
				ASSETCATALOG_COMPILER_GLOBAL_ACCENT_COLOR_NAME = AccentColor;
				CODE_SIGN_STYLE = Automatic;
				CURRENT_PROJECT_VERSION = 1;
				DEVELOPMENT_ASSET_PATHS = "\"App-IOS-TestFeatures/Preview Content\"";
				DEVELOPMENT_TEAM = 25SRH6JAW3;
				ENABLE_PREVIEWS = YES;
				GENERATE_INFOPLIST_FILE = YES;
				INFOPLIST_KEY_UIApplicationSceneManifest_Generation = YES;
				INFOPLIST_KEY_UIApplicationSupportsIndirectInputEvents = YES;
				INFOPLIST_KEY_UILaunchScreen_Generation = YES;
				INFOPLIST_KEY_UISupportedInterfaceOrientations_iPad = "UIInterfaceOrientationPortrait UIInterfaceOrientationPortraitUpsideDown UIInterfaceOrientationLandscapeLeft UIInterfaceOrientationLandscapeRight";
				INFOPLIST_KEY_UISupportedInterfaceOrientations_iPhone = "UIInterfaceOrientationPortrait UIInterfaceOrientationLandscapeLeft UIInterfaceOrientationLandscapeRight";
				LD_RUNPATH_SEARCH_PATHS = (
					"$(inherited)",
					"@executable_path/Frameworks",
				);
				MARKETING_VERSION = 1.0;
				PRODUCT_BUNDLE_IDENTIFIER = "com.github.panarik.App-IOS-TestFeatures";
				PRODUCT_NAME = "$(TARGET_NAME)";
				SWIFT_EMIT_LOC_STRINGS = YES;
				SWIFT_VERSION = 5.0;
				TARGETED_DEVICE_FAMILY = "1,2";
			};
			name = Debug;
		};
		B863A82D28809AE4001FDC15 /* Release */ = {
			isa = XCBuildConfiguration;
			buildSettings = {
				ASSETCATALOG_COMPILER_APPICON_NAME = AppIcon;
				ASSETCATALOG_COMPILER_GLOBAL_ACCENT_COLOR_NAME = AccentColor;
				CODE_SIGN_STYLE = Automatic;
				CURRENT_PROJECT_VERSION = 1;
				DEVELOPMENT_ASSET_PATHS = "\"App-IOS-TestFeatures/Preview Content\"";
				DEVELOPMENT_TEAM = 25SRH6JAW3;
				ENABLE_PREVIEWS = YES;
				GENERATE_INFOPLIST_FILE = YES;
				INFOPLIST_KEY_UIApplicationSceneManifest_Generation = YES;
				INFOPLIST_KEY_UIApplicationSupportsIndirectInputEvents = YES;
				INFOPLIST_KEY_UILaunchScreen_Generation = YES;
				INFOPLIST_KEY_UISupportedInterfaceOrientations_iPad = "UIInterfaceOrientationPortrait UIInterfaceOrientationPortraitUpsideDown UIInterfaceOrientationLandscapeLeft UIInterfaceOrientationLandscapeRight";
				INFOPLIST_KEY_UISupportedInterfaceOrientations_iPhone = "UIInterfaceOrientationPortrait UIInterfaceOrientationLandscapeLeft UIInterfaceOrientationLandscapeRight";
				LD_RUNPATH_SEARCH_PATHS = (
					"$(inherited)",
					"@executable_path/Frameworks",
				);
				MARKETING_VERSION = 1.0;
				PRODUCT_BUNDLE_IDENTIFIER = "com.github.panarik.App-IOS-TestFeatures";
				PRODUCT_NAME = "$(TARGET_NAME)";
				SWIFT_EMIT_LOC_STRINGS = YES;
				SWIFT_VERSION = 5.0;
				TARGETED_DEVICE_FAMILY = "1,2";
			};
			name = Release;
		};
		B863A82F28809AE4001FDC15 /* Debug */ = {
			isa = XCBuildConfiguration;
			buildSettings = {
				ALWAYS_EMBED_SWIFT_STANDARD_LIBRARIES = YES;
				BUNDLE_LOADER = "$(TEST_HOST)";
				CODE_SIGN_STYLE = Automatic;
				CURRENT_PROJECT_VERSION = 1;
				DEVELOPMENT_TEAM = 25SRH6JAW3;
				GENERATE_INFOPLIST_FILE = YES;
				IPHONEOS_DEPLOYMENT_TARGET = 15.4;
				MARKETING_VERSION = 1.0;
				PRODUCT_BUNDLE_IDENTIFIER = "com.github.panarik.App-IOS-TestFeaturesTests";
				PRODUCT_NAME = "$(TARGET_NAME)";
				SWIFT_EMIT_LOC_STRINGS = NO;
				SWIFT_VERSION = 5.0;
				TARGETED_DEVICE_FAMILY = "1,2";
				TEST_HOST = "$(BUILT_PRODUCTS_DIR)/App-IOS-TestFeatures.app/App-IOS-TestFeatures";
			};
			name = Debug;
		};
		B863A83028809AE4001FDC15 /* Release */ = {
			isa = XCBuildConfiguration;
			buildSettings = {
				ALWAYS_EMBED_SWIFT_STANDARD_LIBRARIES = YES;
				BUNDLE_LOADER = "$(TEST_HOST)";
				CODE_SIGN_STYLE = Automatic;
				CURRENT_PROJECT_VERSION = 1;
				DEVELOPMENT_TEAM = 25SRH6JAW3;
				GENERATE_INFOPLIST_FILE = YES;
				IPHONEOS_DEPLOYMENT_TARGET = 15.4;
				MARKETING_VERSION = 1.0;
				PRODUCT_BUNDLE_IDENTIFIER = "com.github.panarik.App-IOS-TestFeaturesTests";
				PRODUCT_NAME = "$(TARGET_NAME)";
				SWIFT_EMIT_LOC_STRINGS = NO;
				SWIFT_VERSION = 5.0;
				TARGETED_DEVICE_FAMILY = "1,2";
				TEST_HOST = "$(BUILT_PRODUCTS_DIR)/App-IOS-TestFeatures.app/App-IOS-TestFeatures";
			};
			name = Release;
		};
		B863A83228809AE4001FDC15 /* Debug */ = {
			isa = XCBuildConfiguration;
			buildSettings = {
				ALWAYS_EMBED_SWIFT_STANDARD_LIBRARIES = YES;
				CODE_SIGN_STYLE = Automatic;
				CURRENT_PROJECT_VERSION = 1;
				DEVELOPMENT_TEAM = 25SRH6JAW3;
				GENERATE_INFOPLIST_FILE = YES;
				MARKETING_VERSION = 1.0;
				PRODUCT_BUNDLE_IDENTIFIER = "com.github.panarik.App-IOS-TestFeaturesUITests";
				PRODUCT_NAME = "$(TARGET_NAME)";
				SWIFT_EMIT_LOC_STRINGS = NO;
				SWIFT_VERSION = 5.0;
				TARGETED_DEVICE_FAMILY = "1,2";
				TEST_TARGET_NAME = "App-IOS-TestFeatures";
			};
			name = Debug;
		};
		B863A83328809AE4001FDC15 /* Release */ = {
			isa = XCBuildConfiguration;
			buildSettings = {
				ALWAYS_EMBED_SWIFT_STANDARD_LIBRARIES = YES;
				CODE_SIGN_STYLE = Automatic;
				CURRENT_PROJECT_VERSION = 1;
				DEVELOPMENT_TEAM = 25SRH6JAW3;
				GENERATE_INFOPLIST_FILE = YES;
				MARKETING_VERSION = 1.0;
				PRODUCT_BUNDLE_IDENTIFIER = "com.github.panarik.App-IOS-TestFeaturesUITests";
				PRODUCT_NAME = "$(TARGET_NAME)";
				SWIFT_EMIT_LOC_STRINGS = NO;
				SWIFT_VERSION = 5.0;
				TARGETED_DEVICE_FAMILY = "1,2";
				TEST_TARGET_NAME = "App-IOS-TestFeatures";
			};
			name = Release;
		};
/* End XCBuildConfiguration section */

/* Begin XCConfigurationList section */
		B863A80228809AE3001FDC15 /* Build configuration list for PBXProject "App-IOS-TestFeatures" */ = {
			isa = XCConfigurationList;
			buildConfigurations = (
				B863A82928809AE4001FDC15 /* Debug */,
				B863A82A28809AE4001FDC15 /* Release */,
			);
			defaultConfigurationIsVisible = 0;
			defaultConfigurationName = Release;
		};
		B863A82B28809AE4001FDC15 /* Build configuration list for PBXNativeTarget "App-IOS-TestFeatures" */ = {
			isa = XCConfigurationList;
			buildConfigurations = (
				B863A82C28809AE4001FDC15 /* Debug */,
				B863A82D28809AE4001FDC15 /* Release */,
			);
			defaultConfigurationIsVisible = 0;
			defaultConfigurationName = Release;
		};
		B863A82E28809AE4001FDC15 /* Build configuration list for PBXNativeTarget "App-IOS-TestFeaturesTests" */ = {
			isa = XCConfigurationList;
			buildConfigurations = (
				B863A82F28809AE4001FDC15 /* Debug */,
				B863A83028809AE4001FDC15 /* Release */,
			);
			defaultConfigurationIsVisible = 0;
			defaultConfigurationName = Release;
		};
		B863A83128809AE4001FDC15 /* Build configuration list for PBXNativeTarget "App-IOS-TestFeaturesUITests" */ = {
			isa = XCConfigurationList;
			buildConfigurations = (
				B863A83228809AE4001FDC15 /* Debug */,
				B863A83328809AE4001FDC15 /* Release */,
			);
			defaultConfigurationIsVisible = 0;
			defaultConfigurationName = Release;
		};
/* End XCConfigurationList section */
	};
	rootObject = B863A7FF28809AE3001FDC15 /* Project object */;
}
