// !$*UTF8*$!
{
	archiveVersion = 1;
	classes = {
	};
	objectVersion = 55;
	objects = {

/* Begin PBXBuildFile section */
		B8174C52284D4FE000DD9EF8 /* AuthScreen.swift in Sources */ = {isa = PBXBuildFile; fileRef = B8174C51284D4FE000DD9EF8 /* AuthScreen.swift */; };
		B8174C54284D4FE300DD9EF8 /* Assets.xcassets in Resources */ = {isa = PBXBuildFile; fileRef = B8174C53284D4FE300DD9EF8 /* Assets.xcassets */; };
		B8174C57284D4FE300DD9EF8 /* Preview Assets.xcassets in Resources */ = {isa = PBXBuildFile; fileRef = B8174C56284D4FE300DD9EF8 /* Preview Assets.xcassets */; };
		B8174C61284D4FE300DD9EF8 /* Swift_IOS_FeaturesTests.swift in Sources */ = {isa = PBXBuildFile; fileRef = B8174C60284D4FE300DD9EF8 /* Swift_IOS_FeaturesTests.swift */; };
		B8174C6B284D4FE300DD9EF8 /* Swift_IOS_FeaturesUITests.swift in Sources */ = {isa = PBXBuildFile; fileRef = B8174C6A284D4FE300DD9EF8 /* Swift_IOS_FeaturesUITests.swift */; };
		B8174C6D284D4FE300DD9EF8 /* Swift_IOS_FeaturesUITestsLaunchTests.swift in Sources */ = {isa = PBXBuildFile; fileRef = B8174C6C284D4FE300DD9EF8 /* Swift_IOS_FeaturesUITestsLaunchTests.swift */; };
		B81AAE9A284D5669002A0B44 /* Swift_IOS_FeaturesApp.swift in Sources */ = {isa = PBXBuildFile; fileRef = B8174C4F284D4FE000DD9EF8 /* Swift_IOS_FeaturesApp.swift */; };
		B8540F0028513311004B847C /* Landmark.swift in Sources */ = {isa = PBXBuildFile; fileRef = B8540EFF28513311004B847C /* Landmark.swift */; };
		B8540F0A28513FB5004B847C /* LandmarkRow.swift in Sources */ = {isa = PBXBuildFile; fileRef = B8540F0928513FB5004B847C /* LandmarkRow.swift */; };
		B8540F0D285143F6004B847C /* LandmarkData.swift in Sources */ = {isa = PBXBuildFile; fileRef = B8540F0C285143F6004B847C /* LandmarkData.swift */; };
		B8540F0F28514EE0004B847C /* LandmarkListView.swift in Sources */ = {isa = PBXBuildFile; fileRef = B8540F0E28514EE0004B847C /* LandmarkListView.swift */; };
/* End PBXBuildFile section */

/* Begin PBXContainerItemProxy section */
		B8174C5D284D4FE300DD9EF8 /* PBXContainerItemProxy */ = {
			isa = PBXContainerItemProxy;
			containerPortal = B8174C44284D4FE000DD9EF8 /* Project object */;
			proxyType = 1;
			remoteGlobalIDString = B8174C4B284D4FE000DD9EF8;
			remoteInfo = "Swift-IOS-Features";
		};
		B8174C67284D4FE300DD9EF8 /* PBXContainerItemProxy */ = {
			isa = PBXContainerItemProxy;
			containerPortal = B8174C44284D4FE000DD9EF8 /* Project object */;
			proxyType = 1;
			remoteGlobalIDString = B8174C4B284D4FE000DD9EF8;
			remoteInfo = "Swift-IOS-Features";
		};
/* End PBXContainerItemProxy section */

/* Begin PBXFileReference section */
		B8174C4C284D4FE000DD9EF8 /* Swift-IOS-Features.app */ = {isa = PBXFileReference; explicitFileType = wrapper.application; includeInIndex = 0; path = "Swift-IOS-Features.app"; sourceTree = BUILT_PRODUCTS_DIR; };
		B8174C4F284D4FE000DD9EF8 /* Swift_IOS_FeaturesApp.swift */ = {isa = PBXFileReference; lastKnownFileType = sourcecode.swift; path = Swift_IOS_FeaturesApp.swift; sourceTree = "<group>"; };
		B8174C51284D4FE000DD9EF8 /* AuthScreen.swift */ = {isa = PBXFileReference; lastKnownFileType = sourcecode.swift; path = AuthScreen.swift; sourceTree = "<group>"; };
		B8174C53284D4FE300DD9EF8 /* Assets.xcassets */ = {isa = PBXFileReference; lastKnownFileType = folder.assetcatalog; path = Assets.xcassets; sourceTree = "<group>"; };
		B8174C56284D4FE300DD9EF8 /* Preview Assets.xcassets */ = {isa = PBXFileReference; lastKnownFileType = folder.assetcatalog; path = "Preview Assets.xcassets"; sourceTree = "<group>"; };
		B8174C5C284D4FE300DD9EF8 /* Swift-IOS-FeaturesTests.xctest */ = {isa = PBXFileReference; explicitFileType = wrapper.cfbundle; includeInIndex = 0; path = "Swift-IOS-FeaturesTests.xctest"; sourceTree = BUILT_PRODUCTS_DIR; };
		B8174C60284D4FE300DD9EF8 /* Swift_IOS_FeaturesTests.swift */ = {isa = PBXFileReference; lastKnownFileType = sourcecode.swift; path = Swift_IOS_FeaturesTests.swift; sourceTree = "<group>"; };
		B8174C66284D4FE300DD9EF8 /* Swift-IOS-FeaturesUITests.xctest */ = {isa = PBXFileReference; explicitFileType = wrapper.cfbundle; includeInIndex = 0; path = "Swift-IOS-FeaturesUITests.xctest"; sourceTree = BUILT_PRODUCTS_DIR; };
		B8174C6A284D4FE300DD9EF8 /* Swift_IOS_FeaturesUITests.swift */ = {isa = PBXFileReference; lastKnownFileType = sourcecode.swift; path = Swift_IOS_FeaturesUITests.swift; sourceTree = "<group>"; };
		B8174C6C284D4FE300DD9EF8 /* Swift_IOS_FeaturesUITestsLaunchTests.swift */ = {isa = PBXFileReference; lastKnownFileType = sourcecode.swift; path = Swift_IOS_FeaturesUITestsLaunchTests.swift; sourceTree = "<group>"; };
		B8540EFF28513311004B847C /* Landmark.swift */ = {isa = PBXFileReference; lastKnownFileType = sourcecode.swift; path = Landmark.swift; sourceTree = "<group>"; };
		B8540F0928513FB5004B847C /* LandmarkRow.swift */ = {isa = PBXFileReference; lastKnownFileType = sourcecode.swift; path = LandmarkRow.swift; sourceTree = "<group>"; };
		B8540F0C285143F6004B847C /* LandmarkData.swift */ = {isa = PBXFileReference; lastKnownFileType = sourcecode.swift; path = LandmarkData.swift; sourceTree = "<group>"; };
		B8540F0E28514EE0004B847C /* LandmarkListView.swift */ = {isa = PBXFileReference; lastKnownFileType = sourcecode.swift; path = LandmarkListView.swift; sourceTree = "<group>"; };
/* End PBXFileReference section */

/* Begin PBXFrameworksBuildPhase section */
		B8174C49284D4FE000DD9EF8 /* Frameworks */ = {
			isa = PBXFrameworksBuildPhase;
			buildActionMask = 2147483647;
			files = (
			);
			runOnlyForDeploymentPostprocessing = 0;
		};
		B8174C59284D4FE300DD9EF8 /* Frameworks */ = {
			isa = PBXFrameworksBuildPhase;
			buildActionMask = 2147483647;
			files = (
			);
			runOnlyForDeploymentPostprocessing = 0;
		};
		B8174C63284D4FE300DD9EF8 /* Frameworks */ = {
			isa = PBXFrameworksBuildPhase;
			buildActionMask = 2147483647;
			files = (
			);
			runOnlyForDeploymentPostprocessing = 0;
		};
/* End PBXFrameworksBuildPhase section */

/* Begin PBXGroup section */
		B8174C43284D4FE000DD9EF8 = {
			isa = PBXGroup;
			children = (
				B8174C4E284D4FE000DD9EF8 /* Swift-IOS-Features */,
				B8174C5F284D4FE300DD9EF8 /* Swift-IOS-FeaturesTests */,
				B8174C69284D4FE300DD9EF8 /* Swift-IOS-FeaturesUITests */,
				B8174C4D284D4FE000DD9EF8 /* Products */,
			);
			sourceTree = "<group>";
		};
		B8174C4D284D4FE000DD9EF8 /* Products */ = {
			isa = PBXGroup;
			children = (
				B8174C4C284D4FE000DD9EF8 /* Swift-IOS-Features.app */,
				B8174C5C284D4FE300DD9EF8 /* Swift-IOS-FeaturesTests.xctest */,
				B8174C66284D4FE300DD9EF8 /* Swift-IOS-FeaturesUITests.xctest */,
			);
			name = Products;
			sourceTree = "<group>";
		};
		B8174C4E284D4FE000DD9EF8 /* Swift-IOS-Features */ = {
			isa = PBXGroup;
			children = (
				B8174C4F284D4FE000DD9EF8 /* Swift_IOS_FeaturesApp.swift */,
				B8174C53284D4FE300DD9EF8 /* Assets.xcassets */,
				B8540F032851358D004B847C /* Model */,
				B8540F0428513670004B847C /* Views */,
				B8174C55284D4FE300DD9EF8 /* Preview Content */,
			);
			path = "Swift-IOS-Features";
			sourceTree = "<group>";
		};
		B8174C55284D4FE300DD9EF8 /* Preview Content */ = {
			isa = PBXGroup;
			children = (
				B8174C56284D4FE300DD9EF8 /* Preview Assets.xcassets */,
			);
			path = "Preview Content";
			sourceTree = "<group>";
		};
		B8174C5F284D4FE300DD9EF8 /* Swift-IOS-FeaturesTests */ = {
			isa = PBXGroup;
			children = (
				B8174C60284D4FE300DD9EF8 /* Swift_IOS_FeaturesTests.swift */,
			);
			path = "Swift-IOS-FeaturesTests";
			sourceTree = "<group>";
		};
		B8174C69284D4FE300DD9EF8 /* Swift-IOS-FeaturesUITests */ = {
			isa = PBXGroup;
			children = (
				B8174C6A284D4FE300DD9EF8 /* Swift_IOS_FeaturesUITests.swift */,
				B8174C6C284D4FE300DD9EF8 /* Swift_IOS_FeaturesUITestsLaunchTests.swift */,
			);
			path = "Swift-IOS-FeaturesUITests";
			sourceTree = "<group>";
		};
		B8540F032851358D004B847C /* Model */ = {
			isa = PBXGroup;
			children = (
				B8540F0B285143D6004B847C /* Data */,
				B8540EFF28513311004B847C /* Landmark.swift */,
			);
			path = Model;
			sourceTree = "<group>";
		};
		B8540F0428513670004B847C /* Views */ = {
			isa = PBXGroup;
			children = (
				B8540F0828513713004B847C /* Items */,
				B8540F0728513707004B847C /* Screens */,
			);
			path = Views;
			sourceTree = "<group>";
		};
		B8540F0728513707004B847C /* Screens */ = {
			isa = PBXGroup;
			children = (
				B8174C51284D4FE000DD9EF8 /* AuthScreen.swift */,
			);
			path = Screens;
			sourceTree = "<group>";
		};
		B8540F0828513713004B847C /* Items */ = {
			isa = PBXGroup;
			children = (
				B8540F0E28514EE0004B847C /* LandmarkListView.swift */,
				B8540F0928513FB5004B847C /* LandmarkRow.swift */,
			);
			path = Items;
			sourceTree = "<group>";
		};
		B8540F0B285143D6004B847C /* Data */ = {
			isa = PBXGroup;
			children = (
				B8540F0C285143F6004B847C /* LandmarkData.swift */,
			);
			path = Data;
			sourceTree = "<group>";
		};
/* End PBXGroup section */

/* Begin PBXNativeTarget section */
		B8174C4B284D4FE000DD9EF8 /* Swift-IOS-Features */ = {
			isa = PBXNativeTarget;
			buildConfigurationList = B8174C70284D4FE300DD9EF8 /* Build configuration list for PBXNativeTarget "Swift-IOS-Features" */;
			buildPhases = (
				B8174C48284D4FE000DD9EF8 /* Sources */,
				B8174C49284D4FE000DD9EF8 /* Frameworks */,
				B8174C4A284D4FE000DD9EF8 /* Resources */,
			);
			buildRules = (
			);
			dependencies = (
			);
			name = "Swift-IOS-Features";
			productName = "Swift-IOS-Features";
			productReference = B8174C4C284D4FE000DD9EF8 /* Swift-IOS-Features.app */;
			productType = "com.apple.product-type.application";
		};
		B8174C5B284D4FE300DD9EF8 /* Swift-IOS-FeaturesTests */ = {
			isa = PBXNativeTarget;
			buildConfigurationList = B8174C73284D4FE300DD9EF8 /* Build configuration list for PBXNativeTarget "Swift-IOS-FeaturesTests" */;
			buildPhases = (
				B8174C58284D4FE300DD9EF8 /* Sources */,
				B8174C59284D4FE300DD9EF8 /* Frameworks */,
				B8174C5A284D4FE300DD9EF8 /* Resources */,
			);
			buildRules = (
			);
			dependencies = (
				B8174C5E284D4FE300DD9EF8 /* PBXTargetDependency */,
			);
			name = "Swift-IOS-FeaturesTests";
			productName = "Swift-IOS-FeaturesTests";
			productReference = B8174C5C284D4FE300DD9EF8 /* Swift-IOS-FeaturesTests.xctest */;
			productType = "com.apple.product-type.bundle.unit-test";
		};
		B8174C65284D4FE300DD9EF8 /* Swift-IOS-FeaturesUITests */ = {
			isa = PBXNativeTarget;
			buildConfigurationList = B8174C76284D4FE300DD9EF8 /* Build configuration list for PBXNativeTarget "Swift-IOS-FeaturesUITests" */;
			buildPhases = (
				B8174C62284D4FE300DD9EF8 /* Sources */,
				B8174C63284D4FE300DD9EF8 /* Frameworks */,
				B8174C64284D4FE300DD9EF8 /* Resources */,
			);
			buildRules = (
			);
			dependencies = (
				B8174C68284D4FE300DD9EF8 /* PBXTargetDependency */,
			);
			name = "Swift-IOS-FeaturesUITests";
			productName = "Swift-IOS-FeaturesUITests";
			productReference = B8174C66284D4FE300DD9EF8 /* Swift-IOS-FeaturesUITests.xctest */;
			productType = "com.apple.product-type.bundle.ui-testing";
		};
/* End PBXNativeTarget section */

/* Begin PBXProject section */
		B8174C44284D4FE000DD9EF8 /* Project object */ = {
			isa = PBXProject;
			attributes = {
				BuildIndependentTargetsInParallel = 1;
				LastSwiftUpdateCheck = 1330;
				LastUpgradeCheck = 1330;
				TargetAttributes = {
					B8174C4B284D4FE000DD9EF8 = {
						CreatedOnToolsVersion = 13.3.1;
					};
					B8174C5B284D4FE300DD9EF8 = {
						CreatedOnToolsVersion = 13.3.1;
						TestTargetID = B8174C4B284D4FE000DD9EF8;
					};
					B8174C65284D4FE300DD9EF8 = {
						CreatedOnToolsVersion = 13.3.1;
						TestTargetID = B8174C4B284D4FE000DD9EF8;
					};
				};
			};
			buildConfigurationList = B8174C47284D4FE000DD9EF8 /* Build configuration list for PBXProject "Swift-IOS-Features" */;
			compatibilityVersion = "Xcode 13.0";
			developmentRegion = en;
			hasScannedForEncodings = 0;
			knownRegions = (
				en,
				Base,
			);
			mainGroup = B8174C43284D4FE000DD9EF8;
			productRefGroup = B8174C4D284D4FE000DD9EF8 /* Products */;
			projectDirPath = "";
			projectRoot = "";
			targets = (
				B8174C4B284D4FE000DD9EF8 /* Swift-IOS-Features */,
				B8174C5B284D4FE300DD9EF8 /* Swift-IOS-FeaturesTests */,
				B8174C65284D4FE300DD9EF8 /* Swift-IOS-FeaturesUITests */,
			);
		};
/* End PBXProject section */

/* Begin PBXResourcesBuildPhase section */
		B8174C4A284D4FE000DD9EF8 /* Resources */ = {
			isa = PBXResourcesBuildPhase;
			buildActionMask = 2147483647;
			files = (
				B8174C57284D4FE300DD9EF8 /* Preview Assets.xcassets in Resources */,
				B8174C54284D4FE300DD9EF8 /* Assets.xcassets in Resources */,
			);
			runOnlyForDeploymentPostprocessing = 0;
		};
		B8174C5A284D4FE300DD9EF8 /* Resources */ = {
			isa = PBXResourcesBuildPhase;
			buildActionMask = 2147483647;
			files = (
			);
			runOnlyForDeploymentPostprocessing = 0;
		};
		B8174C64284D4FE300DD9EF8 /* Resources */ = {
			isa = PBXResourcesBuildPhase;
			buildActionMask = 2147483647;
			files = (
			);
			runOnlyForDeploymentPostprocessing = 0;
		};
/* End PBXResourcesBuildPhase section */

/* Begin PBXSourcesBuildPhase section */
		B8174C48284D4FE000DD9EF8 /* Sources */ = {
			isa = PBXSourcesBuildPhase;
			buildActionMask = 2147483647;
			files = (
				B81AAE9A284D5669002A0B44 /* Swift_IOS_FeaturesApp.swift in Sources */,
				B8174C52284D4FE000DD9EF8 /* AuthScreen.swift in Sources */,
				B8540F0A28513FB5004B847C /* LandmarkRow.swift in Sources */,
				B8540F0028513311004B847C /* Landmark.swift in Sources */,
				B8540F0F28514EE0004B847C /* LandmarkListView.swift in Sources */,
				B8540F0D285143F6004B847C /* LandmarkData.swift in Sources */,
			);
			runOnlyForDeploymentPostprocessing = 0;
		};
		B8174C58284D4FE300DD9EF8 /* Sources */ = {
			isa = PBXSourcesBuildPhase;
			buildActionMask = 2147483647;
			files = (
				B8174C61284D4FE300DD9EF8 /* Swift_IOS_FeaturesTests.swift in Sources */,
			);
			runOnlyForDeploymentPostprocessing = 0;
		};
		B8174C62284D4FE300DD9EF8 /* Sources */ = {
			isa = PBXSourcesBuildPhase;
			buildActionMask = 2147483647;
			files = (
				B8174C6B284D4FE300DD9EF8 /* Swift_IOS_FeaturesUITests.swift in Sources */,
				B8174C6D284D4FE300DD9EF8 /* Swift_IOS_FeaturesUITestsLaunchTests.swift in Sources */,
			);
			runOnlyForDeploymentPostprocessing = 0;
		};
/* End PBXSourcesBuildPhase section */

/* Begin PBXTargetDependency section */
		B8174C5E284D4FE300DD9EF8 /* PBXTargetDependency */ = {
			isa = PBXTargetDependency;
			target = B8174C4B284D4FE000DD9EF8 /* Swift-IOS-Features */;
			targetProxy = B8174C5D284D4FE300DD9EF8 /* PBXContainerItemProxy */;
		};
		B8174C68284D4FE300DD9EF8 /* PBXTargetDependency */ = {
			isa = PBXTargetDependency;
			target = B8174C4B284D4FE000DD9EF8 /* Swift-IOS-Features */;
			targetProxy = B8174C67284D4FE300DD9EF8 /* PBXContainerItemProxy */;
		};
/* End PBXTargetDependency section */

/* Begin XCBuildConfiguration section */
		B8174C6E284D4FE300DD9EF8 /* Debug */ = {
			isa = XCBuildConfiguration;
			buildSettings = {
				ALWAYS_SEARCH_USER_PATHS = NO;
				CLANG_ANALYZER_NONNULL = YES;
				CLANG_ANALYZER_NUMBER_OBJECT_CONVERSION = YES_AGGRESSIVE;
				CLANG_CXX_LANGUAGE_STANDARD = "gnu++17";
				CLANG_ENABLE_MODULES = YES;
				CLANG_ENABLE_OBJC_ARC = YES;
				CLANG_ENABLE_OBJC_WEAK = YES;
				CLANG_WARN_BLOCK_CAPTURE_AUTORELEASING = YES;
				CLANG_WARN_BOOL_CONVERSION = YES;
				CLANG_WARN_COMMA = YES;
				CLANG_WARN_CONSTANT_CONVERSION = YES;
				CLANG_WARN_DEPRECATED_OBJC_IMPLEMENTATIONS = YES;
				CLANG_WARN_DIRECT_OBJC_ISA_USAGE = YES_ERROR;
				CLANG_WARN_DOCUMENTATION_COMMENTS = YES;
				CLANG_WARN_EMPTY_BODY = YES;
				CLANG_WARN_ENUM_CONVERSION = YES;
				CLANG_WARN_INFINITE_RECURSION = YES;
				CLANG_WARN_INT_CONVERSION = YES;
				CLANG_WARN_NON_LITERAL_NULL_CONVERSION = YES;
				CLANG_WARN_OBJC_IMPLICIT_RETAIN_SELF = YES;
				CLANG_WARN_OBJC_LITERAL_CONVERSION = YES;
				CLANG_WARN_OBJC_ROOT_CLASS = YES_ERROR;
				CLANG_WARN_QUOTED_INCLUDE_IN_FRAMEWORK_HEADER = YES;
				CLANG_WARN_RANGE_LOOP_ANALYSIS = YES;
				CLANG_WARN_STRICT_PROTOTYPES = YES;
				CLANG_WARN_SUSPICIOUS_MOVE = YES;
				CLANG_WARN_UNGUARDED_AVAILABILITY = YES_AGGRESSIVE;
				CLANG_WARN_UNREACHABLE_CODE = YES;
				CLANG_WARN__DUPLICATE_METHOD_MATCH = YES;
				COPY_PHASE_STRIP = NO;
				DEBUG_INFORMATION_FORMAT = dwarf;
				ENABLE_STRICT_OBJC_MSGSEND = YES;
				ENABLE_TESTABILITY = YES;
				GCC_C_LANGUAGE_STANDARD = gnu11;
				GCC_DYNAMIC_NO_PIC = NO;
				GCC_NO_COMMON_BLOCKS = YES;
				GCC_OPTIMIZATION_LEVEL = 0;
				GCC_PREPROCESSOR_DEFINITIONS = (
					"DEBUG=1",
					"$(inherited)",
				);
				GCC_WARN_64_TO_32_BIT_CONVERSION = YES;
				GCC_WARN_ABOUT_RETURN_TYPE = YES_ERROR;
				GCC_WARN_UNDECLARED_SELECTOR = YES;
				GCC_WARN_UNINITIALIZED_AUTOS = YES_AGGRESSIVE;
				GCC_WARN_UNUSED_FUNCTION = YES;
				GCC_WARN_UNUSED_VARIABLE = YES;
				IPHONEOS_DEPLOYMENT_TARGET = 15.4;
				MTL_ENABLE_DEBUG_INFO = INCLUDE_SOURCE;
				MTL_FAST_MATH = YES;
				ONLY_ACTIVE_ARCH = YES;
				SDKROOT = iphoneos;
				SWIFT_ACTIVE_COMPILATION_CONDITIONS = DEBUG;
				SWIFT_OPTIMIZATION_LEVEL = "-Onone";
			};
			name = Debug;
		};
		B8174C6F284D4FE300DD9EF8 /* Release */ = {
			isa = XCBuildConfiguration;
			buildSettings = {
				ALWAYS_SEARCH_USER_PATHS = NO;
				CLANG_ANALYZER_NONNULL = YES;
				CLANG_ANALYZER_NUMBER_OBJECT_CONVERSION = YES_AGGRESSIVE;
				CLANG_CXX_LANGUAGE_STANDARD = "gnu++17";
				CLANG_ENABLE_MODULES = YES;
				CLANG_ENABLE_OBJC_ARC = YES;
				CLANG_ENABLE_OBJC_WEAK = YES;
				CLANG_WARN_BLOCK_CAPTURE_AUTORELEASING = YES;
				CLANG_WARN_BOOL_CONVERSION = YES;
				CLANG_WARN_COMMA = YES;
				CLANG_WARN_CONSTANT_CONVERSION = YES;
				CLANG_WARN_DEPRECATED_OBJC_IMPLEMENTATIONS = YES;
				CLANG_WARN_DIRECT_OBJC_ISA_USAGE = YES_ERROR;
				CLANG_WARN_DOCUMENTATION_COMMENTS = YES;
				CLANG_WARN_EMPTY_BODY = YES;
				CLANG_WARN_ENUM_CONVERSION = YES;
				CLANG_WARN_INFINITE_RECURSION = YES;
				CLANG_WARN_INT_CONVERSION = YES;
				CLANG_WARN_NON_LITERAL_NULL_CONVERSION = YES;
				CLANG_WARN_OBJC_IMPLICIT_RETAIN_SELF = YES;
				CLANG_WARN_OBJC_LITERAL_CONVERSION = YES;
				CLANG_WARN_OBJC_ROOT_CLASS = YES_ERROR;
				CLANG_WARN_QUOTED_INCLUDE_IN_FRAMEWORK_HEADER = YES;
				CLANG_WARN_RANGE_LOOP_ANALYSIS = YES;
				CLANG_WARN_STRICT_PROTOTYPES = YES;
				CLANG_WARN_SUSPICIOUS_MOVE = YES;
				CLANG_WARN_UNGUARDED_AVAILABILITY = YES_AGGRESSIVE;
				CLANG_WARN_UNREACHABLE_CODE = YES;
				CLANG_WARN__DUPLICATE_METHOD_MATCH = YES;
				COPY_PHASE_STRIP = NO;
				DEBUG_INFORMATION_FORMAT = "dwarf-with-dsym";
				ENABLE_NS_ASSERTIONS = NO;
				ENABLE_STRICT_OBJC_MSGSEND = YES;
				GCC_C_LANGUAGE_STANDARD = gnu11;
				GCC_NO_COMMON_BLOCKS = YES;
				GCC_WARN_64_TO_32_BIT_CONVERSION = YES;
				GCC_WARN_ABOUT_RETURN_TYPE = YES_ERROR;
				GCC_WARN_UNDECLARED_SELECTOR = YES;
				GCC_WARN_UNINITIALIZED_AUTOS = YES_AGGRESSIVE;
				GCC_WARN_UNUSED_FUNCTION = YES;
				GCC_WARN_UNUSED_VARIABLE = YES;
				IPHONEOS_DEPLOYMENT_TARGET = 15.4;
				MTL_ENABLE_DEBUG_INFO = NO;
				MTL_FAST_MATH = YES;
				SDKROOT = iphoneos;
				SWIFT_COMPILATION_MODE = wholemodule;
				SWIFT_OPTIMIZATION_LEVEL = "-O";
				VALIDATE_PRODUCT = YES;
			};
			name = Release;
		};
		B8174C71284D4FE300DD9EF8 /* Debug */ = {
			isa = XCBuildConfiguration;
			buildSettings = {
				ASSETCATALOG_COMPILER_APPICON_NAME = AppIcon;
				ASSETCATALOG_COMPILER_GLOBAL_ACCENT_COLOR_NAME = AccentColor;
				CODE_SIGN_STYLE = Automatic;
				CURRENT_PROJECT_VERSION = 1;
				DEVELOPMENT_ASSET_PATHS = "\"Swift-IOS-Features/Preview Content\"";
				DEVELOPMENT_TEAM = 25SRH6JAW3;
				ENABLE_PREVIEWS = YES;
				GENERATE_INFOPLIST_FILE = YES;
				INFOPLIST_KEY_UIApplicationSceneManifest_Generation = YES;
				INFOPLIST_KEY_UIApplicationSupportsIndirectInputEvents = YES;
				INFOPLIST_KEY_UILaunchScreen_Generation = YES;
				INFOPLIST_KEY_UISupportedInterfaceOrientations_iPad = "UIInterfaceOrientationPortrait UIInterfaceOrientationPortraitUpsideDown UIInterfaceOrientationLandscapeLeft UIInterfaceOrientationLandscapeRight";
				INFOPLIST_KEY_UISupportedInterfaceOrientations_iPhone = "UIInterfaceOrientationPortrait UIInterfaceOrientationLandscapeLeft UIInterfaceOrientationLandscapeRight";
				LD_RUNPATH_SEARCH_PATHS = (
					"$(inherited)",
					"@executable_path/Frameworks",
				);
				MARKETING_VERSION = 1.0;
				PRODUCT_BUNDLE_IDENTIFIER = "com.github.panarik.Swift-IOS-Features";
				PRODUCT_NAME = "$(TARGET_NAME)";
				SWIFT_EMIT_LOC_STRINGS = YES;
				SWIFT_VERSION = 5.0;
				TARGETED_DEVICE_FAMILY = "1,2";
			};
			name = Debug;
		};
		B8174C72284D4FE300DD9EF8 /* Release */ = {
			isa = XCBuildConfiguration;
			buildSettings = {
				ASSETCATALOG_COMPILER_APPICON_NAME = AppIcon;
				ASSETCATALOG_COMPILER_GLOBAL_ACCENT_COLOR_NAME = AccentColor;
				CODE_SIGN_STYLE = Automatic;
				CURRENT_PROJECT_VERSION = 1;
				DEVELOPMENT_ASSET_PATHS = "\"Swift-IOS-Features/Preview Content\"";
				DEVELOPMENT_TEAM = 25SRH6JAW3;
				ENABLE_PREVIEWS = YES;
				GENERATE_INFOPLIST_FILE = YES;
				INFOPLIST_KEY_UIApplicationSceneManifest_Generation = YES;
				INFOPLIST_KEY_UIApplicationSupportsIndirectInputEvents = YES;
				INFOPLIST_KEY_UILaunchScreen_Generation = YES;
				INFOPLIST_KEY_UISupportedInterfaceOrientations_iPad = "UIInterfaceOrientationPortrait UIInterfaceOrientationPortraitUpsideDown UIInterfaceOrientationLandscapeLeft UIInterfaceOrientationLandscapeRight";
				INFOPLIST_KEY_UISupportedInterfaceOrientations_iPhone = "UIInterfaceOrientationPortrait UIInterfaceOrientationLandscapeLeft UIInterfaceOrientationLandscapeRight";
				LD_RUNPATH_SEARCH_PATHS = (
					"$(inherited)",
					"@executable_path/Frameworks",
				);
				MARKETING_VERSION = 1.0;
				PRODUCT_BUNDLE_IDENTIFIER = "com.github.panarik.Swift-IOS-Features";
				PRODUCT_NAME = "$(TARGET_NAME)";
				SWIFT_EMIT_LOC_STRINGS = YES;
				SWIFT_VERSION = 5.0;
				TARGETED_DEVICE_FAMILY = "1,2";
			};
			name = Release;
		};
		B8174C74284D4FE300DD9EF8 /* Debug */ = {
			isa = XCBuildConfiguration;
			buildSettings = {
				ALWAYS_EMBED_SWIFT_STANDARD_LIBRARIES = YES;
				BUNDLE_LOADER = "$(TEST_HOST)";
				CODE_SIGN_STYLE = Automatic;
				CURRENT_PROJECT_VERSION = 1;
				GENERATE_INFOPLIST_FILE = YES;
				IPHONEOS_DEPLOYMENT_TARGET = 15.4;
				MARKETING_VERSION = 1.0;
				PRODUCT_BUNDLE_IDENTIFIER = "com.github.panarik.Swift-IOS-FeaturesTests";
				PRODUCT_NAME = "$(TARGET_NAME)";
				SWIFT_EMIT_LOC_STRINGS = NO;
				SWIFT_VERSION = 5.0;
				TARGETED_DEVICE_FAMILY = "1,2";
				TEST_HOST = "$(BUILT_PRODUCTS_DIR)/Swift-IOS-Features.app/Swift-IOS-Features";
			};
			name = Debug;
		};
		B8174C75284D4FE300DD9EF8 /* Release */ = {
			isa = XCBuildConfiguration;
			buildSettings = {
				ALWAYS_EMBED_SWIFT_STANDARD_LIBRARIES = YES;
				BUNDLE_LOADER = "$(TEST_HOST)";
				CODE_SIGN_STYLE = Automatic;
				CURRENT_PROJECT_VERSION = 1;
				GENERATE_INFOPLIST_FILE = YES;
				IPHONEOS_DEPLOYMENT_TARGET = 15.4;
				MARKETING_VERSION = 1.0;
				PRODUCT_BUNDLE_IDENTIFIER = "com.github.panarik.Swift-IOS-FeaturesTests";
				PRODUCT_NAME = "$(TARGET_NAME)";
				SWIFT_EMIT_LOC_STRINGS = NO;
				SWIFT_VERSION = 5.0;
				TARGETED_DEVICE_FAMILY = "1,2";
				TEST_HOST = "$(BUILT_PRODUCTS_DIR)/Swift-IOS-Features.app/Swift-IOS-Features";
			};
			name = Release;
		};
		B8174C77284D4FE300DD9EF8 /* Debug */ = {
			isa = XCBuildConfiguration;
			buildSettings = {
				ALWAYS_EMBED_SWIFT_STANDARD_LIBRARIES = YES;
				CODE_SIGN_STYLE = Automatic;
				CURRENT_PROJECT_VERSION = 1;
				GENERATE_INFOPLIST_FILE = YES;
				MARKETING_VERSION = 1.0;
				PRODUCT_BUNDLE_IDENTIFIER = "com.github.panarik.Swift-IOS-FeaturesUITests";
				PRODUCT_NAME = "$(TARGET_NAME)";
				SWIFT_EMIT_LOC_STRINGS = NO;
				SWIFT_VERSION = 5.0;
				TARGETED_DEVICE_FAMILY = "1,2";
				TEST_TARGET_NAME = "Swift-IOS-Features";
			};
			name = Debug;
		};
		B8174C78284D4FE300DD9EF8 /* Release */ = {
			isa = XCBuildConfiguration;
			buildSettings = {
				ALWAYS_EMBED_SWIFT_STANDARD_LIBRARIES = YES;
				CODE_SIGN_STYLE = Automatic;
				CURRENT_PROJECT_VERSION = 1;
				GENERATE_INFOPLIST_FILE = YES;
				MARKETING_VERSION = 1.0;
				PRODUCT_BUNDLE_IDENTIFIER = "com.github.panarik.Swift-IOS-FeaturesUITests";
				PRODUCT_NAME = "$(TARGET_NAME)";
				SWIFT_EMIT_LOC_STRINGS = NO;
				SWIFT_VERSION = 5.0;
				TARGETED_DEVICE_FAMILY = "1,2";
				TEST_TARGET_NAME = "Swift-IOS-Features";
			};
			name = Release;
		};
/* End XCBuildConfiguration section */

/* Begin XCConfigurationList section */
		B8174C47284D4FE000DD9EF8 /* Build configuration list for PBXProject "Swift-IOS-Features" */ = {
			isa = XCConfigurationList;
			buildConfigurations = (
				B8174C6E284D4FE300DD9EF8 /* Debug */,
				B8174C6F284D4FE300DD9EF8 /* Release */,
			);
			defaultConfigurationIsVisible = 0;
			defaultConfigurationName = Release;
		};
		B8174C70284D4FE300DD9EF8 /* Build configuration list for PBXNativeTarget "Swift-IOS-Features" */ = {
			isa = XCConfigurationList;
			buildConfigurations = (
				B8174C71284D4FE300DD9EF8 /* Debug */,
				B8174C72284D4FE300DD9EF8 /* Release */,
			);
			defaultConfigurationIsVisible = 0;
			defaultConfigurationName = Release;
		};
		B8174C73284D4FE300DD9EF8 /* Build configuration list for PBXNativeTarget "Swift-IOS-FeaturesTests" */ = {
			isa = XCConfigurationList;
			buildConfigurations = (
				B8174C74284D4FE300DD9EF8 /* Debug */,
				B8174C75284D4FE300DD9EF8 /* Release */,
			);
			defaultConfigurationIsVisible = 0;
			defaultConfigurationName = Release;
		};
		B8174C76284D4FE300DD9EF8 /* Build configuration list for PBXNativeTarget "Swift-IOS-FeaturesUITests" */ = {
			isa = XCConfigurationList;
			buildConfigurations = (
				B8174C77284D4FE300DD9EF8 /* Debug */,
				B8174C78284D4FE300DD9EF8 /* Release */,
			);
			defaultConfigurationIsVisible = 0;
			defaultConfigurationName = Release;
		};
/* End XCConfigurationList section */
	};
	rootObject = B8174C44284D4FE000DD9EF8 /* Project object */;
}
